
Microsoft Visual Studio Solution File, Format Version 12.00
# Visual Studio Version 16
VisualStudioVersion = 16.0.30114.105
MinimumVisualStudioVersion = 10.0.40219.1
Project("{9A19103F-16F7-4668-BE54-9A1E7A4F7556}") = "cairo-1.0", "Libs\cairo-1.0\cairo-1.0.csproj", "{CACD258B-6FAA-4329-B278-65E169C2AA4F}"
EndProject
Project("{9A19103F-16F7-4668-BE54-9A1E7A4F7556}") = "Gdk-3.0", "Libs\Gdk-3.0\Gdk-3.0.csproj", "{4FBB0A13-C5E3-4E88-93D9-35F4D9DFAF19}"
EndProject
Project("{9A19103F-16F7-4668-BE54-9A1E7A4F7556}") = "GdkPixbuf-2.0", "Libs\GdkPixbuf-2.0\GdkPixbuf-2.0.csproj", "{7B89A58D-22FA-4417-972F-F4F31F750DB1}"
EndProject
Project("{9A19103F-16F7-4668-BE54-9A1E7A4F7556}") = "Gio-2.0", "Libs\Gio-2.0\Gio-2.0.csproj", "{D7CEFF27-821C-4551-9FAC-CAFA31EECAE4}"
EndProject
Project("{9A19103F-16F7-4668-BE54-9A1E7A4F7556}") = "GLib-2.0", "Libs\GLib-2.0\GLib-2.0.csproj", "{5C631D07-6022-4E12-A6A3-C9153CB52256}"
EndProject
Project("{9A19103F-16F7-4668-BE54-9A1E7A4F7556}") = "GObject-2.0", "Libs\GObject-2.0\GObject-2.0.csproj", "{87DB6D17-E932-4231-A26E-DC3992DE7A31}"
EndProject
Project("{9A19103F-16F7-4668-BE54-9A1E7A4F7556}") = "Gst-1.0", "Libs\Gst-1.0\Gst-1.0.csproj", "{2EEFB19E-9A3A-43CA-AEDD-404949932990}"
EndProject
Project("{9A19103F-16F7-4668-BE54-9A1E7A4F7556}") = "GstAudio-1.0", "Libs\GstAudio-1.0\GstAudio-1.0.csproj", "{F47BFD71-B46D-4087-86FA-B4FFCAE05BA9}"
EndProject
Project("{9A19103F-16F7-4668-BE54-9A1E7A4F7556}") = "GstBase-1.0", "Libs\GstBase-1.0\GstBase-1.0.csproj", "{C632FA89-6DCA-4B70-8A14-948418F18EAE}"
EndProject
Project("{9A19103F-16F7-4668-BE54-9A1E7A4F7556}") = "GstPbutils-1.0", "Libs\GstPbutils-1.0\GstPbutils-1.0.csproj", "{BE9E0C10-BFEE-4813-9FE5-A99FC9CC2EC9}"
EndProject
Project("{9A19103F-16F7-4668-BE54-9A1E7A4F7556}") = "GstVideo-1.0", "Libs\GstVideo-1.0\GstVideo-1.0.csproj", "{3D989189-F8DF-433F-A56F-C9356CEE04BF}"
EndProject
Project("{9A19103F-16F7-4668-BE54-9A1E7A4F7556}") = "Gtk-3.0", "Libs\Gtk-3.0\Gtk-3.0.csproj", "{1544C957-ECF0-4087-B33F-1824F877388A}"
EndProject
Project("{9A19103F-16F7-4668-BE54-9A1E7A4F7556}") = "Pango-1.0", "Libs\Pango-1.0\Pango-1.0.csproj", "{A714BE4D-C42D-4DD6-95D7-76ED153E25F7}"
EndProject
Project("{9A19103F-16F7-4668-BE54-9A1E7A4F7556}") = "xlib-2.0", "Libs\xlib-2.0\xlib-2.0.csproj", "{325C924A-D53A-41A6-8A62-7C15FE8E361E}"
EndProject
Project("{9A19103F-16F7-4668-BE54-9A1E7A4F7556}") = "Atk-1.0", "Libs\Atk-1.0\Atk-1.0.csproj", "{5249AD2D-7706-4442-AEED-3FE5A2267A63}"
EndProject
Project("{2150E333-8FDC-42A3-9474-1A3956D46DE8}") = "Libs", "Libs", "{35302E26-88E5-4279-AEF9-2AF1648FED75}"
EndProject
Project("{9A19103F-16F7-4668-BE54-9A1E7A4F7556}") = "Generator", "Generator\Generator.csproj", "{CEF7E849-57C0-4F34-AD57-782737EA3DEE}"
EndProject
Project("{9A19103F-16F7-4668-BE54-9A1E7A4F7556}") = "Build", "Build\Build.csproj", "{598B01B4-4C11-4D5F-8792-9AE05CC60D7D}"
EndProject
Project("{2150E333-8FDC-42A3-9474-1A3956D46DE8}") = "Samples", "Samples", "{7400B718-3A63-4A38-8B58-B5B08F8896FF}"
EndProject
Project("{2150E333-8FDC-42A3-9474-1A3956D46DE8}") = "Tests", "Tests", "{E5146B8C-99C0-4D77-B273-8EF64C6380E4}"
EndProject
Project("{9A19103F-16F7-4668-BE54-9A1E7A4F7556}") = "Build.Tests", "Tests\Build.Tests\Build.Tests.csproj", "{A85BAC7E-9825-4ED4-94EC-D7769FC6F59F}"
EndProject
Project("{9A19103F-16F7-4668-BE54-9A1E7A4F7556}") = "Gio-2.0.Tests", "Tests\Libs\Gio-2.0.Tests\Gio-2.0.Tests.csproj", "{3CFAC57C-F2D9-4C97-B80A-06C9D1037C3E}"
EndProject
Project("{9A19103F-16F7-4668-BE54-9A1E7A4F7556}") = "GLib-2.0.Tests", "Tests\Libs\GLib-2.0.Tests\GLib-2.0.Tests.csproj", "{AF0AFF71-8249-4C89-AA35-5EFC2C7F0603}"
EndProject
Project("{9A19103F-16F7-4668-BE54-9A1E7A4F7556}") = "GObject-2.0.Tests", "Tests\Libs\GObject-2.0.Tests\GObject-2.0.Tests.csproj", "{5595B738-2134-424C-928D-95EDED02D41D}"
EndProject
Project("{9A19103F-16F7-4668-BE54-9A1E7A4F7556}") = "Gtk-3.0.Tests", "Tests\Libs\Gtk-3.0.Tests\Gtk-3.0.Tests.csproj", "{9641C9F6-F1BC-4A3A-A1DE-129318AB700F}"
EndProject
Project("{9A19103F-16F7-4668-BE54-9A1E7A4F7556}") = "Integration", "Integration\Integration.csproj", "{B186BD48-DB63-49CB-8878-BB5AD2C7B35A}"
EndProject
Project("{9A19103F-16F7-4668-BE54-9A1E7A4F7556}") = "GirLoader", "GirLoader\GirLoader.csproj", "{C14F16C9-4457-4466-90E3-23214DE76143}"
EndProject
Project("{9A19103F-16F7-4668-BE54-9A1E7A4F7556}") = "DBus", "Samples\DBus\DBus.csproj", "{2F704199-14C2-4BAE-8859-72A2AD28ACCE}"
EndProject
Project("{9A19103F-16F7-4668-BE54-9A1E7A4F7556}") = "TestLoading", "Samples\GdkPixbuf\TestLoading\TestLoading.csproj", "{78777983-0A40-4900-9A0A-AE11BE16D24A}"
EndProject
Project("{9A19103F-16F7-4668-BE54-9A1E7A4F7556}") = "TestMemoryLeaks", "Samples\GdkPixbuf\TestMemoryLeaks\TestMemoryLeaks.csproj", "{29045457-F438-4BAC-9B37-D6CDA565313B}"
EndProject
Project("{9A19103F-16F7-4668-BE54-9A1E7A4F7556}") = "GLib", "Samples\GLib\GLib.csproj", "{27C31E30-DB9F-43BD-9EE7-727CCAA8F55D}"
EndProject
Project("{9A19103F-16F7-4668-BE54-9A1E7A4F7556}") = "GStreamer", "Samples\GStreamer\GStreamer.csproj", "{8E738B50-44A3-4115-B50D-6F2A884B9D88}"
EndProject
Project("{2150E333-8FDC-42A3-9474-1A3956D46DE8}") = "GdkPixbuf", "GdkPixbuf", "{A147D18A-EF3A-4DEA-82E2-7D12561EE462}"
EndProject
Project("{2150E333-8FDC-42A3-9474-1A3956D46DE8}") = "Gtk3", "Gtk3", "{A7AB8BFE-B16D-4D52-94AD-37697E04DB64}"
EndProject
Project("{9A19103F-16F7-4668-BE54-9A1E7A4F7556}") = "AboutDialog", "Samples\Gtk3\AboutDialog\AboutDialog.csproj", "{2747A834-C952-4FB6-8A4B-E01C226D08F6}"
EndProject
Project("{9A19103F-16F7-4668-BE54-9A1E7A4F7556}") = "DeclarativeUi", "Samples\Gtk3\DeclarativeUi\DeclarativeUi.csproj", "{8524E510-D98F-4FD3-BE10-08352527290F}"
EndProject
Project("{9A19103F-16F7-4668-BE54-9A1E7A4F7556}") = "DrawingArea", "Samples\Gtk3\DrawingArea\DrawingArea.csproj", "{40C9EB86-CF4E-45D9-BEF7-E89913171D86}"
EndProject
Project("{9A19103F-16F7-4668-BE54-9A1E7A4F7556}") = "QuickStart", "Samples\Gtk3\QuickStart\QuickStart.csproj", "{DE554FAE-B638-4C39-B4F9-0D4FFB0F9027}"
EndProject
Project("{9A19103F-16F7-4668-BE54-9A1E7A4F7556}") = "Window", "Samples\Gtk3\Window\Window.csproj", "{BEE19955-275A-4242-B1AF-402AD3C7C5F9}"
EndProject
Global
	GlobalSection(SolutionConfigurationPlatforms) = preSolution
		Debug|Any CPU = Debug|Any CPU
		Debug|x64 = Debug|x64
		Debug|x86 = Debug|x86
		Release|Any CPU = Release|Any CPU
		Release|x64 = Release|x64
		Release|x86 = Release|x86
	EndGlobalSection
	GlobalSection(ProjectConfigurationPlatforms) = postSolution
		{CACD258B-6FAA-4329-B278-65E169C2AA4F}.Debug|Any CPU.ActiveCfg = Debug|Any CPU
		{CACD258B-6FAA-4329-B278-65E169C2AA4F}.Debug|Any CPU.Build.0 = Debug|Any CPU
		{CACD258B-6FAA-4329-B278-65E169C2AA4F}.Debug|x64.ActiveCfg = Debug|Any CPU
		{CACD258B-6FAA-4329-B278-65E169C2AA4F}.Debug|x64.Build.0 = Debug|Any CPU
		{CACD258B-6FAA-4329-B278-65E169C2AA4F}.Debug|x86.ActiveCfg = Debug|Any CPU
		{CACD258B-6FAA-4329-B278-65E169C2AA4F}.Debug|x86.Build.0 = Debug|Any CPU
		{CACD258B-6FAA-4329-B278-65E169C2AA4F}.Release|Any CPU.ActiveCfg = Release|Any CPU
		{CACD258B-6FAA-4329-B278-65E169C2AA4F}.Release|Any CPU.Build.0 = Release|Any CPU
		{CACD258B-6FAA-4329-B278-65E169C2AA4F}.Release|x64.ActiveCfg = Release|Any CPU
		{CACD258B-6FAA-4329-B278-65E169C2AA4F}.Release|x64.Build.0 = Release|Any CPU
		{CACD258B-6FAA-4329-B278-65E169C2AA4F}.Release|x86.ActiveCfg = Release|Any CPU
		{CACD258B-6FAA-4329-B278-65E169C2AA4F}.Release|x86.Build.0 = Release|Any CPU
		{4FBB0A13-C5E3-4E88-93D9-35F4D9DFAF19}.Debug|Any CPU.ActiveCfg = Debug|Any CPU
		{4FBB0A13-C5E3-4E88-93D9-35F4D9DFAF19}.Debug|Any CPU.Build.0 = Debug|Any CPU
		{4FBB0A13-C5E3-4E88-93D9-35F4D9DFAF19}.Debug|x64.ActiveCfg = Debug|Any CPU
		{4FBB0A13-C5E3-4E88-93D9-35F4D9DFAF19}.Debug|x64.Build.0 = Debug|Any CPU
		{4FBB0A13-C5E3-4E88-93D9-35F4D9DFAF19}.Debug|x86.ActiveCfg = Debug|Any CPU
		{4FBB0A13-C5E3-4E88-93D9-35F4D9DFAF19}.Debug|x86.Build.0 = Debug|Any CPU
		{4FBB0A13-C5E3-4E88-93D9-35F4D9DFAF19}.Release|Any CPU.ActiveCfg = Release|Any CPU
		{4FBB0A13-C5E3-4E88-93D9-35F4D9DFAF19}.Release|Any CPU.Build.0 = Release|Any CPU
		{4FBB0A13-C5E3-4E88-93D9-35F4D9DFAF19}.Release|x64.ActiveCfg = Release|Any CPU
		{4FBB0A13-C5E3-4E88-93D9-35F4D9DFAF19}.Release|x64.Build.0 = Release|Any CPU
		{4FBB0A13-C5E3-4E88-93D9-35F4D9DFAF19}.Release|x86.ActiveCfg = Release|Any CPU
		{4FBB0A13-C5E3-4E88-93D9-35F4D9DFAF19}.Release|x86.Build.0 = Release|Any CPU
		{7B89A58D-22FA-4417-972F-F4F31F750DB1}.Debug|Any CPU.ActiveCfg = Debug|Any CPU
		{7B89A58D-22FA-4417-972F-F4F31F750DB1}.Debug|Any CPU.Build.0 = Debug|Any CPU
		{7B89A58D-22FA-4417-972F-F4F31F750DB1}.Debug|x64.ActiveCfg = Debug|Any CPU
		{7B89A58D-22FA-4417-972F-F4F31F750DB1}.Debug|x64.Build.0 = Debug|Any CPU
		{7B89A58D-22FA-4417-972F-F4F31F750DB1}.Debug|x86.ActiveCfg = Debug|Any CPU
		{7B89A58D-22FA-4417-972F-F4F31F750DB1}.Debug|x86.Build.0 = Debug|Any CPU
		{7B89A58D-22FA-4417-972F-F4F31F750DB1}.Release|Any CPU.ActiveCfg = Release|Any CPU
		{7B89A58D-22FA-4417-972F-F4F31F750DB1}.Release|Any CPU.Build.0 = Release|Any CPU
		{7B89A58D-22FA-4417-972F-F4F31F750DB1}.Release|x64.ActiveCfg = Release|Any CPU
		{7B89A58D-22FA-4417-972F-F4F31F750DB1}.Release|x64.Build.0 = Release|Any CPU
		{7B89A58D-22FA-4417-972F-F4F31F750DB1}.Release|x86.ActiveCfg = Release|Any CPU
		{7B89A58D-22FA-4417-972F-F4F31F750DB1}.Release|x86.Build.0 = Release|Any CPU
		{D7CEFF27-821C-4551-9FAC-CAFA31EECAE4}.Debug|Any CPU.ActiveCfg = Debug|Any CPU
		{D7CEFF27-821C-4551-9FAC-CAFA31EECAE4}.Debug|Any CPU.Build.0 = Debug|Any CPU
		{D7CEFF27-821C-4551-9FAC-CAFA31EECAE4}.Debug|x64.ActiveCfg = Debug|Any CPU
		{D7CEFF27-821C-4551-9FAC-CAFA31EECAE4}.Debug|x64.Build.0 = Debug|Any CPU
		{D7CEFF27-821C-4551-9FAC-CAFA31EECAE4}.Debug|x86.ActiveCfg = Debug|Any CPU
		{D7CEFF27-821C-4551-9FAC-CAFA31EECAE4}.Debug|x86.Build.0 = Debug|Any CPU
		{D7CEFF27-821C-4551-9FAC-CAFA31EECAE4}.Release|Any CPU.ActiveCfg = Release|Any CPU
		{D7CEFF27-821C-4551-9FAC-CAFA31EECAE4}.Release|Any CPU.Build.0 = Release|Any CPU
		{D7CEFF27-821C-4551-9FAC-CAFA31EECAE4}.Release|x64.ActiveCfg = Release|Any CPU
		{D7CEFF27-821C-4551-9FAC-CAFA31EECAE4}.Release|x64.Build.0 = Release|Any CPU
		{D7CEFF27-821C-4551-9FAC-CAFA31EECAE4}.Release|x86.ActiveCfg = Release|Any CPU
		{D7CEFF27-821C-4551-9FAC-CAFA31EECAE4}.Release|x86.Build.0 = Release|Any CPU
		{5C631D07-6022-4E12-A6A3-C9153CB52256}.Debug|Any CPU.ActiveCfg = Debug|Any CPU
		{5C631D07-6022-4E12-A6A3-C9153CB52256}.Debug|Any CPU.Build.0 = Debug|Any CPU
		{5C631D07-6022-4E12-A6A3-C9153CB52256}.Debug|x64.ActiveCfg = Debug|Any CPU
		{5C631D07-6022-4E12-A6A3-C9153CB52256}.Debug|x64.Build.0 = Debug|Any CPU
		{5C631D07-6022-4E12-A6A3-C9153CB52256}.Debug|x86.ActiveCfg = Debug|Any CPU
		{5C631D07-6022-4E12-A6A3-C9153CB52256}.Debug|x86.Build.0 = Debug|Any CPU
		{5C631D07-6022-4E12-A6A3-C9153CB52256}.Release|Any CPU.ActiveCfg = Release|Any CPU
		{5C631D07-6022-4E12-A6A3-C9153CB52256}.Release|Any CPU.Build.0 = Release|Any CPU
		{5C631D07-6022-4E12-A6A3-C9153CB52256}.Release|x64.ActiveCfg = Release|Any CPU
		{5C631D07-6022-4E12-A6A3-C9153CB52256}.Release|x64.Build.0 = Release|Any CPU
		{5C631D07-6022-4E12-A6A3-C9153CB52256}.Release|x86.ActiveCfg = Release|Any CPU
		{5C631D07-6022-4E12-A6A3-C9153CB52256}.Release|x86.Build.0 = Release|Any CPU
		{87DB6D17-E932-4231-A26E-DC3992DE7A31}.Debug|Any CPU.ActiveCfg = Debug|Any CPU
		{87DB6D17-E932-4231-A26E-DC3992DE7A31}.Debug|Any CPU.Build.0 = Debug|Any CPU
		{87DB6D17-E932-4231-A26E-DC3992DE7A31}.Debug|x64.ActiveCfg = Debug|Any CPU
		{87DB6D17-E932-4231-A26E-DC3992DE7A31}.Debug|x64.Build.0 = Debug|Any CPU
		{87DB6D17-E932-4231-A26E-DC3992DE7A31}.Debug|x86.ActiveCfg = Debug|Any CPU
		{87DB6D17-E932-4231-A26E-DC3992DE7A31}.Debug|x86.Build.0 = Debug|Any CPU
		{87DB6D17-E932-4231-A26E-DC3992DE7A31}.Release|Any CPU.ActiveCfg = Release|Any CPU
		{87DB6D17-E932-4231-A26E-DC3992DE7A31}.Release|Any CPU.Build.0 = Release|Any CPU
		{87DB6D17-E932-4231-A26E-DC3992DE7A31}.Release|x64.ActiveCfg = Release|Any CPU
		{87DB6D17-E932-4231-A26E-DC3992DE7A31}.Release|x64.Build.0 = Release|Any CPU
		{87DB6D17-E932-4231-A26E-DC3992DE7A31}.Release|x86.ActiveCfg = Release|Any CPU
		{87DB6D17-E932-4231-A26E-DC3992DE7A31}.Release|x86.Build.0 = Release|Any CPU
		{2EEFB19E-9A3A-43CA-AEDD-404949932990}.Debug|Any CPU.ActiveCfg = Debug|Any CPU
		{2EEFB19E-9A3A-43CA-AEDD-404949932990}.Debug|Any CPU.Build.0 = Debug|Any CPU
		{2EEFB19E-9A3A-43CA-AEDD-404949932990}.Debug|x64.ActiveCfg = Debug|Any CPU
		{2EEFB19E-9A3A-43CA-AEDD-404949932990}.Debug|x64.Build.0 = Debug|Any CPU
		{2EEFB19E-9A3A-43CA-AEDD-404949932990}.Debug|x86.ActiveCfg = Debug|Any CPU
		{2EEFB19E-9A3A-43CA-AEDD-404949932990}.Debug|x86.Build.0 = Debug|Any CPU
		{2EEFB19E-9A3A-43CA-AEDD-404949932990}.Release|Any CPU.ActiveCfg = Release|Any CPU
		{2EEFB19E-9A3A-43CA-AEDD-404949932990}.Release|Any CPU.Build.0 = Release|Any CPU
		{2EEFB19E-9A3A-43CA-AEDD-404949932990}.Release|x64.ActiveCfg = Release|Any CPU
		{2EEFB19E-9A3A-43CA-AEDD-404949932990}.Release|x64.Build.0 = Release|Any CPU
		{2EEFB19E-9A3A-43CA-AEDD-404949932990}.Release|x86.ActiveCfg = Release|Any CPU
		{2EEFB19E-9A3A-43CA-AEDD-404949932990}.Release|x86.Build.0 = Release|Any CPU
		{F47BFD71-B46D-4087-86FA-B4FFCAE05BA9}.Debug|Any CPU.ActiveCfg = Debug|Any CPU
		{F47BFD71-B46D-4087-86FA-B4FFCAE05BA9}.Debug|Any CPU.Build.0 = Debug|Any CPU
		{F47BFD71-B46D-4087-86FA-B4FFCAE05BA9}.Debug|x64.ActiveCfg = Debug|Any CPU
		{F47BFD71-B46D-4087-86FA-B4FFCAE05BA9}.Debug|x64.Build.0 = Debug|Any CPU
		{F47BFD71-B46D-4087-86FA-B4FFCAE05BA9}.Debug|x86.ActiveCfg = Debug|Any CPU
		{F47BFD71-B46D-4087-86FA-B4FFCAE05BA9}.Debug|x86.Build.0 = Debug|Any CPU
		{F47BFD71-B46D-4087-86FA-B4FFCAE05BA9}.Release|Any CPU.ActiveCfg = Release|Any CPU
		{F47BFD71-B46D-4087-86FA-B4FFCAE05BA9}.Release|Any CPU.Build.0 = Release|Any CPU
		{F47BFD71-B46D-4087-86FA-B4FFCAE05BA9}.Release|x64.ActiveCfg = Release|Any CPU
		{F47BFD71-B46D-4087-86FA-B4FFCAE05BA9}.Release|x64.Build.0 = Release|Any CPU
		{F47BFD71-B46D-4087-86FA-B4FFCAE05BA9}.Release|x86.ActiveCfg = Release|Any CPU
		{F47BFD71-B46D-4087-86FA-B4FFCAE05BA9}.Release|x86.Build.0 = Release|Any CPU
		{C632FA89-6DCA-4B70-8A14-948418F18EAE}.Debug|Any CPU.ActiveCfg = Debug|Any CPU
		{C632FA89-6DCA-4B70-8A14-948418F18EAE}.Debug|Any CPU.Build.0 = Debug|Any CPU
		{C632FA89-6DCA-4B70-8A14-948418F18EAE}.Debug|x64.ActiveCfg = Debug|Any CPU
		{C632FA89-6DCA-4B70-8A14-948418F18EAE}.Debug|x64.Build.0 = Debug|Any CPU
		{C632FA89-6DCA-4B70-8A14-948418F18EAE}.Debug|x86.ActiveCfg = Debug|Any CPU
		{C632FA89-6DCA-4B70-8A14-948418F18EAE}.Debug|x86.Build.0 = Debug|Any CPU
		{C632FA89-6DCA-4B70-8A14-948418F18EAE}.Release|Any CPU.ActiveCfg = Release|Any CPU
		{C632FA89-6DCA-4B70-8A14-948418F18EAE}.Release|Any CPU.Build.0 = Release|Any CPU
		{C632FA89-6DCA-4B70-8A14-948418F18EAE}.Release|x64.ActiveCfg = Release|Any CPU
		{C632FA89-6DCA-4B70-8A14-948418F18EAE}.Release|x64.Build.0 = Release|Any CPU
		{C632FA89-6DCA-4B70-8A14-948418F18EAE}.Release|x86.ActiveCfg = Release|Any CPU
		{C632FA89-6DCA-4B70-8A14-948418F18EAE}.Release|x86.Build.0 = Release|Any CPU
		{BE9E0C10-BFEE-4813-9FE5-A99FC9CC2EC9}.Debug|Any CPU.ActiveCfg = Debug|Any CPU
		{BE9E0C10-BFEE-4813-9FE5-A99FC9CC2EC9}.Debug|Any CPU.Build.0 = Debug|Any CPU
		{BE9E0C10-BFEE-4813-9FE5-A99FC9CC2EC9}.Debug|x64.ActiveCfg = Debug|Any CPU
		{BE9E0C10-BFEE-4813-9FE5-A99FC9CC2EC9}.Debug|x64.Build.0 = Debug|Any CPU
		{BE9E0C10-BFEE-4813-9FE5-A99FC9CC2EC9}.Debug|x86.ActiveCfg = Debug|Any CPU
		{BE9E0C10-BFEE-4813-9FE5-A99FC9CC2EC9}.Debug|x86.Build.0 = Debug|Any CPU
		{BE9E0C10-BFEE-4813-9FE5-A99FC9CC2EC9}.Release|Any CPU.ActiveCfg = Release|Any CPU
		{BE9E0C10-BFEE-4813-9FE5-A99FC9CC2EC9}.Release|Any CPU.Build.0 = Release|Any CPU
		{BE9E0C10-BFEE-4813-9FE5-A99FC9CC2EC9}.Release|x64.ActiveCfg = Release|Any CPU
		{BE9E0C10-BFEE-4813-9FE5-A99FC9CC2EC9}.Release|x64.Build.0 = Release|Any CPU
		{BE9E0C10-BFEE-4813-9FE5-A99FC9CC2EC9}.Release|x86.ActiveCfg = Release|Any CPU
		{BE9E0C10-BFEE-4813-9FE5-A99FC9CC2EC9}.Release|x86.Build.0 = Release|Any CPU
		{3D989189-F8DF-433F-A56F-C9356CEE04BF}.Debug|Any CPU.ActiveCfg = Debug|Any CPU
		{3D989189-F8DF-433F-A56F-C9356CEE04BF}.Debug|Any CPU.Build.0 = Debug|Any CPU
		{3D989189-F8DF-433F-A56F-C9356CEE04BF}.Debug|x64.ActiveCfg = Debug|Any CPU
		{3D989189-F8DF-433F-A56F-C9356CEE04BF}.Debug|x64.Build.0 = Debug|Any CPU
		{3D989189-F8DF-433F-A56F-C9356CEE04BF}.Debug|x86.ActiveCfg = Debug|Any CPU
		{3D989189-F8DF-433F-A56F-C9356CEE04BF}.Debug|x86.Build.0 = Debug|Any CPU
		{3D989189-F8DF-433F-A56F-C9356CEE04BF}.Release|Any CPU.ActiveCfg = Release|Any CPU
		{3D989189-F8DF-433F-A56F-C9356CEE04BF}.Release|Any CPU.Build.0 = Release|Any CPU
		{3D989189-F8DF-433F-A56F-C9356CEE04BF}.Release|x64.ActiveCfg = Release|Any CPU
		{3D989189-F8DF-433F-A56F-C9356CEE04BF}.Release|x64.Build.0 = Release|Any CPU
		{3D989189-F8DF-433F-A56F-C9356CEE04BF}.Release|x86.ActiveCfg = Release|Any CPU
		{3D989189-F8DF-433F-A56F-C9356CEE04BF}.Release|x86.Build.0 = Release|Any CPU
		{1544C957-ECF0-4087-B33F-1824F877388A}.Debug|Any CPU.ActiveCfg = Debug|Any CPU
		{1544C957-ECF0-4087-B33F-1824F877388A}.Debug|Any CPU.Build.0 = Debug|Any CPU
		{1544C957-ECF0-4087-B33F-1824F877388A}.Debug|x64.ActiveCfg = Debug|Any CPU
		{1544C957-ECF0-4087-B33F-1824F877388A}.Debug|x64.Build.0 = Debug|Any CPU
		{1544C957-ECF0-4087-B33F-1824F877388A}.Debug|x86.ActiveCfg = Debug|Any CPU
		{1544C957-ECF0-4087-B33F-1824F877388A}.Debug|x86.Build.0 = Debug|Any CPU
		{1544C957-ECF0-4087-B33F-1824F877388A}.Release|Any CPU.ActiveCfg = Release|Any CPU
		{1544C957-ECF0-4087-B33F-1824F877388A}.Release|Any CPU.Build.0 = Release|Any CPU
		{1544C957-ECF0-4087-B33F-1824F877388A}.Release|x64.ActiveCfg = Release|Any CPU
		{1544C957-ECF0-4087-B33F-1824F877388A}.Release|x64.Build.0 = Release|Any CPU
		{1544C957-ECF0-4087-B33F-1824F877388A}.Release|x86.ActiveCfg = Release|Any CPU
		{1544C957-ECF0-4087-B33F-1824F877388A}.Release|x86.Build.0 = Release|Any CPU
		{A714BE4D-C42D-4DD6-95D7-76ED153E25F7}.Debug|Any CPU.ActiveCfg = Debug|Any CPU
		{A714BE4D-C42D-4DD6-95D7-76ED153E25F7}.Debug|Any CPU.Build.0 = Debug|Any CPU
		{A714BE4D-C42D-4DD6-95D7-76ED153E25F7}.Debug|x64.ActiveCfg = Debug|Any CPU
		{A714BE4D-C42D-4DD6-95D7-76ED153E25F7}.Debug|x64.Build.0 = Debug|Any CPU
		{A714BE4D-C42D-4DD6-95D7-76ED153E25F7}.Debug|x86.ActiveCfg = Debug|Any CPU
		{A714BE4D-C42D-4DD6-95D7-76ED153E25F7}.Debug|x86.Build.0 = Debug|Any CPU
		{A714BE4D-C42D-4DD6-95D7-76ED153E25F7}.Release|Any CPU.ActiveCfg = Release|Any CPU
		{A714BE4D-C42D-4DD6-95D7-76ED153E25F7}.Release|Any CPU.Build.0 = Release|Any CPU
		{A714BE4D-C42D-4DD6-95D7-76ED153E25F7}.Release|x64.ActiveCfg = Release|Any CPU
		{A714BE4D-C42D-4DD6-95D7-76ED153E25F7}.Release|x64.Build.0 = Release|Any CPU
		{A714BE4D-C42D-4DD6-95D7-76ED153E25F7}.Release|x86.ActiveCfg = Release|Any CPU
		{A714BE4D-C42D-4DD6-95D7-76ED153E25F7}.Release|x86.Build.0 = Release|Any CPU
		{325C924A-D53A-41A6-8A62-7C15FE8E361E}.Debug|Any CPU.ActiveCfg = Debug|Any CPU
		{325C924A-D53A-41A6-8A62-7C15FE8E361E}.Debug|Any CPU.Build.0 = Debug|Any CPU
		{325C924A-D53A-41A6-8A62-7C15FE8E361E}.Debug|x64.ActiveCfg = Debug|Any CPU
		{325C924A-D53A-41A6-8A62-7C15FE8E361E}.Debug|x64.Build.0 = Debug|Any CPU
		{325C924A-D53A-41A6-8A62-7C15FE8E361E}.Debug|x86.ActiveCfg = Debug|Any CPU
		{325C924A-D53A-41A6-8A62-7C15FE8E361E}.Debug|x86.Build.0 = Debug|Any CPU
		{325C924A-D53A-41A6-8A62-7C15FE8E361E}.Release|Any CPU.ActiveCfg = Release|Any CPU
		{325C924A-D53A-41A6-8A62-7C15FE8E361E}.Release|Any CPU.Build.0 = Release|Any CPU
		{325C924A-D53A-41A6-8A62-7C15FE8E361E}.Release|x64.ActiveCfg = Release|Any CPU
		{325C924A-D53A-41A6-8A62-7C15FE8E361E}.Release|x64.Build.0 = Release|Any CPU
		{325C924A-D53A-41A6-8A62-7C15FE8E361E}.Release|x86.ActiveCfg = Release|Any CPU
		{325C924A-D53A-41A6-8A62-7C15FE8E361E}.Release|x86.Build.0 = Release|Any CPU
		{5249AD2D-7706-4442-AEED-3FE5A2267A63}.Debug|Any CPU.ActiveCfg = Debug|Any CPU
		{5249AD2D-7706-4442-AEED-3FE5A2267A63}.Debug|Any CPU.Build.0 = Debug|Any CPU
		{5249AD2D-7706-4442-AEED-3FE5A2267A63}.Debug|x64.ActiveCfg = Debug|Any CPU
		{5249AD2D-7706-4442-AEED-3FE5A2267A63}.Debug|x64.Build.0 = Debug|Any CPU
		{5249AD2D-7706-4442-AEED-3FE5A2267A63}.Debug|x86.ActiveCfg = Debug|Any CPU
		{5249AD2D-7706-4442-AEED-3FE5A2267A63}.Debug|x86.Build.0 = Debug|Any CPU
		{5249AD2D-7706-4442-AEED-3FE5A2267A63}.Release|Any CPU.ActiveCfg = Release|Any CPU
		{5249AD2D-7706-4442-AEED-3FE5A2267A63}.Release|Any CPU.Build.0 = Release|Any CPU
		{5249AD2D-7706-4442-AEED-3FE5A2267A63}.Release|x64.ActiveCfg = Release|Any CPU
		{5249AD2D-7706-4442-AEED-3FE5A2267A63}.Release|x64.Build.0 = Release|Any CPU
		{5249AD2D-7706-4442-AEED-3FE5A2267A63}.Release|x86.ActiveCfg = Release|Any CPU
		{5249AD2D-7706-4442-AEED-3FE5A2267A63}.Release|x86.Build.0 = Release|Any CPU
		{CEF7E849-57C0-4F34-AD57-782737EA3DEE}.Debug|Any CPU.ActiveCfg = Debug|Any CPU
		{CEF7E849-57C0-4F34-AD57-782737EA3DEE}.Debug|Any CPU.Build.0 = Debug|Any CPU
		{CEF7E849-57C0-4F34-AD57-782737EA3DEE}.Debug|x64.ActiveCfg = Debug|Any CPU
		{CEF7E849-57C0-4F34-AD57-782737EA3DEE}.Debug|x64.Build.0 = Debug|Any CPU
		{CEF7E849-57C0-4F34-AD57-782737EA3DEE}.Debug|x86.ActiveCfg = Debug|Any CPU
		{CEF7E849-57C0-4F34-AD57-782737EA3DEE}.Debug|x86.Build.0 = Debug|Any CPU
		{CEF7E849-57C0-4F34-AD57-782737EA3DEE}.Release|Any CPU.ActiveCfg = Release|Any CPU
		{CEF7E849-57C0-4F34-AD57-782737EA3DEE}.Release|Any CPU.Build.0 = Release|Any CPU
		{CEF7E849-57C0-4F34-AD57-782737EA3DEE}.Release|x64.ActiveCfg = Release|Any CPU
		{CEF7E849-57C0-4F34-AD57-782737EA3DEE}.Release|x64.Build.0 = Release|Any CPU
		{CEF7E849-57C0-4F34-AD57-782737EA3DEE}.Release|x86.ActiveCfg = Release|Any CPU
		{CEF7E849-57C0-4F34-AD57-782737EA3DEE}.Release|x86.Build.0 = Release|Any CPU
		{598B01B4-4C11-4D5F-8792-9AE05CC60D7D}.Debug|Any CPU.ActiveCfg = Debug|Any CPU
		{598B01B4-4C11-4D5F-8792-9AE05CC60D7D}.Debug|Any CPU.Build.0 = Debug|Any CPU
		{598B01B4-4C11-4D5F-8792-9AE05CC60D7D}.Debug|x64.ActiveCfg = Debug|Any CPU
		{598B01B4-4C11-4D5F-8792-9AE05CC60D7D}.Debug|x64.Build.0 = Debug|Any CPU
		{598B01B4-4C11-4D5F-8792-9AE05CC60D7D}.Debug|x86.ActiveCfg = Debug|Any CPU
		{598B01B4-4C11-4D5F-8792-9AE05CC60D7D}.Debug|x86.Build.0 = Debug|Any CPU
		{598B01B4-4C11-4D5F-8792-9AE05CC60D7D}.Release|Any CPU.ActiveCfg = Release|Any CPU
		{598B01B4-4C11-4D5F-8792-9AE05CC60D7D}.Release|Any CPU.Build.0 = Release|Any CPU
		{598B01B4-4C11-4D5F-8792-9AE05CC60D7D}.Release|x64.ActiveCfg = Release|Any CPU
		{598B01B4-4C11-4D5F-8792-9AE05CC60D7D}.Release|x64.Build.0 = Release|Any CPU
		{598B01B4-4C11-4D5F-8792-9AE05CC60D7D}.Release|x86.ActiveCfg = Release|Any CPU
		{598B01B4-4C11-4D5F-8792-9AE05CC60D7D}.Release|x86.Build.0 = Release|Any CPU
		{A85BAC7E-9825-4ED4-94EC-D7769FC6F59F}.Debug|Any CPU.ActiveCfg = Debug|Any CPU
		{A85BAC7E-9825-4ED4-94EC-D7769FC6F59F}.Debug|Any CPU.Build.0 = Debug|Any CPU
		{A85BAC7E-9825-4ED4-94EC-D7769FC6F59F}.Debug|x64.ActiveCfg = Debug|Any CPU
		{A85BAC7E-9825-4ED4-94EC-D7769FC6F59F}.Debug|x64.Build.0 = Debug|Any CPU
		{A85BAC7E-9825-4ED4-94EC-D7769FC6F59F}.Debug|x86.ActiveCfg = Debug|Any CPU
		{A85BAC7E-9825-4ED4-94EC-D7769FC6F59F}.Debug|x86.Build.0 = Debug|Any CPU
		{A85BAC7E-9825-4ED4-94EC-D7769FC6F59F}.Release|Any CPU.ActiveCfg = Release|Any CPU
		{A85BAC7E-9825-4ED4-94EC-D7769FC6F59F}.Release|Any CPU.Build.0 = Release|Any CPU
		{A85BAC7E-9825-4ED4-94EC-D7769FC6F59F}.Release|x64.ActiveCfg = Release|Any CPU
		{A85BAC7E-9825-4ED4-94EC-D7769FC6F59F}.Release|x64.Build.0 = Release|Any CPU
		{A85BAC7E-9825-4ED4-94EC-D7769FC6F59F}.Release|x86.ActiveCfg = Release|Any CPU
		{A85BAC7E-9825-4ED4-94EC-D7769FC6F59F}.Release|x86.Build.0 = Release|Any CPU
		{3CFAC57C-F2D9-4C97-B80A-06C9D1037C3E}.Debug|Any CPU.ActiveCfg = Debug|Any CPU
		{3CFAC57C-F2D9-4C97-B80A-06C9D1037C3E}.Debug|Any CPU.Build.0 = Debug|Any CPU
		{3CFAC57C-F2D9-4C97-B80A-06C9D1037C3E}.Debug|x64.ActiveCfg = Debug|Any CPU
		{3CFAC57C-F2D9-4C97-B80A-06C9D1037C3E}.Debug|x64.Build.0 = Debug|Any CPU
		{3CFAC57C-F2D9-4C97-B80A-06C9D1037C3E}.Debug|x86.ActiveCfg = Debug|Any CPU
		{3CFAC57C-F2D9-4C97-B80A-06C9D1037C3E}.Debug|x86.Build.0 = Debug|Any CPU
		{3CFAC57C-F2D9-4C97-B80A-06C9D1037C3E}.Release|Any CPU.ActiveCfg = Release|Any CPU
		{3CFAC57C-F2D9-4C97-B80A-06C9D1037C3E}.Release|Any CPU.Build.0 = Release|Any CPU
		{3CFAC57C-F2D9-4C97-B80A-06C9D1037C3E}.Release|x64.ActiveCfg = Release|Any CPU
		{3CFAC57C-F2D9-4C97-B80A-06C9D1037C3E}.Release|x64.Build.0 = Release|Any CPU
		{3CFAC57C-F2D9-4C97-B80A-06C9D1037C3E}.Release|x86.ActiveCfg = Release|Any CPU
		{3CFAC57C-F2D9-4C97-B80A-06C9D1037C3E}.Release|x86.Build.0 = Release|Any CPU
		{AF0AFF71-8249-4C89-AA35-5EFC2C7F0603}.Debug|Any CPU.ActiveCfg = Debug|Any CPU
		{AF0AFF71-8249-4C89-AA35-5EFC2C7F0603}.Debug|Any CPU.Build.0 = Debug|Any CPU
		{AF0AFF71-8249-4C89-AA35-5EFC2C7F0603}.Debug|x64.ActiveCfg = Debug|Any CPU
		{AF0AFF71-8249-4C89-AA35-5EFC2C7F0603}.Debug|x64.Build.0 = Debug|Any CPU
		{AF0AFF71-8249-4C89-AA35-5EFC2C7F0603}.Debug|x86.ActiveCfg = Debug|Any CPU
		{AF0AFF71-8249-4C89-AA35-5EFC2C7F0603}.Debug|x86.Build.0 = Debug|Any CPU
		{AF0AFF71-8249-4C89-AA35-5EFC2C7F0603}.Release|Any CPU.ActiveCfg = Release|Any CPU
		{AF0AFF71-8249-4C89-AA35-5EFC2C7F0603}.Release|Any CPU.Build.0 = Release|Any CPU
		{AF0AFF71-8249-4C89-AA35-5EFC2C7F0603}.Release|x64.ActiveCfg = Release|Any CPU
		{AF0AFF71-8249-4C89-AA35-5EFC2C7F0603}.Release|x64.Build.0 = Release|Any CPU
		{AF0AFF71-8249-4C89-AA35-5EFC2C7F0603}.Release|x86.ActiveCfg = Release|Any CPU
		{AF0AFF71-8249-4C89-AA35-5EFC2C7F0603}.Release|x86.Build.0 = Release|Any CPU
		{5595B738-2134-424C-928D-95EDED02D41D}.Debug|Any CPU.ActiveCfg = Debug|Any CPU
		{5595B738-2134-424C-928D-95EDED02D41D}.Debug|Any CPU.Build.0 = Debug|Any CPU
		{5595B738-2134-424C-928D-95EDED02D41D}.Debug|x64.ActiveCfg = Debug|Any CPU
		{5595B738-2134-424C-928D-95EDED02D41D}.Debug|x64.Build.0 = Debug|Any CPU
		{5595B738-2134-424C-928D-95EDED02D41D}.Debug|x86.ActiveCfg = Debug|Any CPU
		{5595B738-2134-424C-928D-95EDED02D41D}.Debug|x86.Build.0 = Debug|Any CPU
		{5595B738-2134-424C-928D-95EDED02D41D}.Release|Any CPU.ActiveCfg = Release|Any CPU
		{5595B738-2134-424C-928D-95EDED02D41D}.Release|Any CPU.Build.0 = Release|Any CPU
		{5595B738-2134-424C-928D-95EDED02D41D}.Release|x64.ActiveCfg = Release|Any CPU
		{5595B738-2134-424C-928D-95EDED02D41D}.Release|x64.Build.0 = Release|Any CPU
		{5595B738-2134-424C-928D-95EDED02D41D}.Release|x86.ActiveCfg = Release|Any CPU
		{5595B738-2134-424C-928D-95EDED02D41D}.Release|x86.Build.0 = Release|Any CPU
		{9641C9F6-F1BC-4A3A-A1DE-129318AB700F}.Debug|Any CPU.ActiveCfg = Debug|Any CPU
		{9641C9F6-F1BC-4A3A-A1DE-129318AB700F}.Debug|Any CPU.Build.0 = Debug|Any CPU
		{9641C9F6-F1BC-4A3A-A1DE-129318AB700F}.Debug|x64.ActiveCfg = Debug|Any CPU
		{9641C9F6-F1BC-4A3A-A1DE-129318AB700F}.Debug|x64.Build.0 = Debug|Any CPU
		{9641C9F6-F1BC-4A3A-A1DE-129318AB700F}.Debug|x86.ActiveCfg = Debug|Any CPU
		{9641C9F6-F1BC-4A3A-A1DE-129318AB700F}.Debug|x86.Build.0 = Debug|Any CPU
		{9641C9F6-F1BC-4A3A-A1DE-129318AB700F}.Release|Any CPU.ActiveCfg = Release|Any CPU
		{9641C9F6-F1BC-4A3A-A1DE-129318AB700F}.Release|Any CPU.Build.0 = Release|Any CPU
		{9641C9F6-F1BC-4A3A-A1DE-129318AB700F}.Release|x64.ActiveCfg = Release|Any CPU
		{9641C9F6-F1BC-4A3A-A1DE-129318AB700F}.Release|x64.Build.0 = Release|Any CPU
		{9641C9F6-F1BC-4A3A-A1DE-129318AB700F}.Release|x86.ActiveCfg = Release|Any CPU
		{9641C9F6-F1BC-4A3A-A1DE-129318AB700F}.Release|x86.Build.0 = Release|Any CPU
		{B186BD48-DB63-49CB-8878-BB5AD2C7B35A}.Debug|Any CPU.ActiveCfg = Debug|Any CPU
		{B186BD48-DB63-49CB-8878-BB5AD2C7B35A}.Debug|Any CPU.Build.0 = Debug|Any CPU
		{B186BD48-DB63-49CB-8878-BB5AD2C7B35A}.Debug|x64.ActiveCfg = Debug|Any CPU
		{B186BD48-DB63-49CB-8878-BB5AD2C7B35A}.Debug|x64.Build.0 = Debug|Any CPU
		{B186BD48-DB63-49CB-8878-BB5AD2C7B35A}.Debug|x86.ActiveCfg = Debug|Any CPU
		{B186BD48-DB63-49CB-8878-BB5AD2C7B35A}.Debug|x86.Build.0 = Debug|Any CPU
		{B186BD48-DB63-49CB-8878-BB5AD2C7B35A}.Release|Any CPU.ActiveCfg = Release|Any CPU
		{B186BD48-DB63-49CB-8878-BB5AD2C7B35A}.Release|Any CPU.Build.0 = Release|Any CPU
		{B186BD48-DB63-49CB-8878-BB5AD2C7B35A}.Release|x64.ActiveCfg = Release|Any CPU
		{B186BD48-DB63-49CB-8878-BB5AD2C7B35A}.Release|x64.Build.0 = Release|Any CPU
		{B186BD48-DB63-49CB-8878-BB5AD2C7B35A}.Release|x86.ActiveCfg = Release|Any CPU
		{B186BD48-DB63-49CB-8878-BB5AD2C7B35A}.Release|x86.Build.0 = Release|Any CPU
		{C14F16C9-4457-4466-90E3-23214DE76143}.Debug|Any CPU.ActiveCfg = Debug|Any CPU
		{C14F16C9-4457-4466-90E3-23214DE76143}.Debug|Any CPU.Build.0 = Debug|Any CPU
		{C14F16C9-4457-4466-90E3-23214DE76143}.Debug|x64.ActiveCfg = Debug|Any CPU
		{C14F16C9-4457-4466-90E3-23214DE76143}.Debug|x64.Build.0 = Debug|Any CPU
		{C14F16C9-4457-4466-90E3-23214DE76143}.Debug|x86.ActiveCfg = Debug|Any CPU
		{C14F16C9-4457-4466-90E3-23214DE76143}.Debug|x86.Build.0 = Debug|Any CPU
		{C14F16C9-4457-4466-90E3-23214DE76143}.Release|Any CPU.ActiveCfg = Release|Any CPU
		{C14F16C9-4457-4466-90E3-23214DE76143}.Release|Any CPU.Build.0 = Release|Any CPU
		{C14F16C9-4457-4466-90E3-23214DE76143}.Release|x64.ActiveCfg = Release|Any CPU
		{C14F16C9-4457-4466-90E3-23214DE76143}.Release|x64.Build.0 = Release|Any CPU
		{C14F16C9-4457-4466-90E3-23214DE76143}.Release|x86.ActiveCfg = Release|Any CPU
		{C14F16C9-4457-4466-90E3-23214DE76143}.Release|x86.Build.0 = Release|Any CPU
		{2F704199-14C2-4BAE-8859-72A2AD28ACCE}.Debug|Any CPU.ActiveCfg = Debug|Any CPU
		{2F704199-14C2-4BAE-8859-72A2AD28ACCE}.Debug|Any CPU.Build.0 = Debug|Any CPU
		{2F704199-14C2-4BAE-8859-72A2AD28ACCE}.Debug|x64.ActiveCfg = Debug|Any CPU
		{2F704199-14C2-4BAE-8859-72A2AD28ACCE}.Debug|x64.Build.0 = Debug|Any CPU
		{2F704199-14C2-4BAE-8859-72A2AD28ACCE}.Debug|x86.ActiveCfg = Debug|Any CPU
		{2F704199-14C2-4BAE-8859-72A2AD28ACCE}.Debug|x86.Build.0 = Debug|Any CPU
		{2F704199-14C2-4BAE-8859-72A2AD28ACCE}.Release|Any CPU.ActiveCfg = Release|Any CPU
		{2F704199-14C2-4BAE-8859-72A2AD28ACCE}.Release|Any CPU.Build.0 = Release|Any CPU
		{2F704199-14C2-4BAE-8859-72A2AD28ACCE}.Release|x64.ActiveCfg = Release|Any CPU
		{2F704199-14C2-4BAE-8859-72A2AD28ACCE}.Release|x64.Build.0 = Release|Any CPU
		{2F704199-14C2-4BAE-8859-72A2AD28ACCE}.Release|x86.ActiveCfg = Release|Any CPU
		{2F704199-14C2-4BAE-8859-72A2AD28ACCE}.Release|x86.Build.0 = Release|Any CPU
		{78777983-0A40-4900-9A0A-AE11BE16D24A}.Debug|Any CPU.ActiveCfg = Debug|Any CPU
		{78777983-0A40-4900-9A0A-AE11BE16D24A}.Debug|Any CPU.Build.0 = Debug|Any CPU
		{78777983-0A40-4900-9A0A-AE11BE16D24A}.Debug|x64.ActiveCfg = Debug|Any CPU
		{78777983-0A40-4900-9A0A-AE11BE16D24A}.Debug|x64.Build.0 = Debug|Any CPU
		{78777983-0A40-4900-9A0A-AE11BE16D24A}.Debug|x86.ActiveCfg = Debug|Any CPU
		{78777983-0A40-4900-9A0A-AE11BE16D24A}.Debug|x86.Build.0 = Debug|Any CPU
		{78777983-0A40-4900-9A0A-AE11BE16D24A}.Release|Any CPU.ActiveCfg = Release|Any CPU
		{78777983-0A40-4900-9A0A-AE11BE16D24A}.Release|Any CPU.Build.0 = Release|Any CPU
		{78777983-0A40-4900-9A0A-AE11BE16D24A}.Release|x64.ActiveCfg = Release|Any CPU
		{78777983-0A40-4900-9A0A-AE11BE16D24A}.Release|x64.Build.0 = Release|Any CPU
		{78777983-0A40-4900-9A0A-AE11BE16D24A}.Release|x86.ActiveCfg = Release|Any CPU
		{78777983-0A40-4900-9A0A-AE11BE16D24A}.Release|x86.Build.0 = Release|Any CPU
		{29045457-F438-4BAC-9B37-D6CDA565313B}.Debug|Any CPU.ActiveCfg = Debug|Any CPU
		{29045457-F438-4BAC-9B37-D6CDA565313B}.Debug|Any CPU.Build.0 = Debug|Any CPU
		{29045457-F438-4BAC-9B37-D6CDA565313B}.Debug|x64.ActiveCfg = Debug|Any CPU
		{29045457-F438-4BAC-9B37-D6CDA565313B}.Debug|x64.Build.0 = Debug|Any CPU
		{29045457-F438-4BAC-9B37-D6CDA565313B}.Debug|x86.ActiveCfg = Debug|Any CPU
		{29045457-F438-4BAC-9B37-D6CDA565313B}.Debug|x86.Build.0 = Debug|Any CPU
		{29045457-F438-4BAC-9B37-D6CDA565313B}.Release|Any CPU.ActiveCfg = Release|Any CPU
		{29045457-F438-4BAC-9B37-D6CDA565313B}.Release|Any CPU.Build.0 = Release|Any CPU
		{29045457-F438-4BAC-9B37-D6CDA565313B}.Release|x64.ActiveCfg = Release|Any CPU
		{29045457-F438-4BAC-9B37-D6CDA565313B}.Release|x64.Build.0 = Release|Any CPU
		{29045457-F438-4BAC-9B37-D6CDA565313B}.Release|x86.ActiveCfg = Release|Any CPU
		{29045457-F438-4BAC-9B37-D6CDA565313B}.Release|x86.Build.0 = Release|Any CPU
		{27C31E30-DB9F-43BD-9EE7-727CCAA8F55D}.Debug|Any CPU.ActiveCfg = Debug|Any CPU
		{27C31E30-DB9F-43BD-9EE7-727CCAA8F55D}.Debug|Any CPU.Build.0 = Debug|Any CPU
		{27C31E30-DB9F-43BD-9EE7-727CCAA8F55D}.Debug|x64.ActiveCfg = Debug|Any CPU
		{27C31E30-DB9F-43BD-9EE7-727CCAA8F55D}.Debug|x64.Build.0 = Debug|Any CPU
		{27C31E30-DB9F-43BD-9EE7-727CCAA8F55D}.Debug|x86.ActiveCfg = Debug|Any CPU
		{27C31E30-DB9F-43BD-9EE7-727CCAA8F55D}.Debug|x86.Build.0 = Debug|Any CPU
		{27C31E30-DB9F-43BD-9EE7-727CCAA8F55D}.Release|Any CPU.ActiveCfg = Release|Any CPU
		{27C31E30-DB9F-43BD-9EE7-727CCAA8F55D}.Release|Any CPU.Build.0 = Release|Any CPU
		{27C31E30-DB9F-43BD-9EE7-727CCAA8F55D}.Release|x64.ActiveCfg = Release|Any CPU
		{27C31E30-DB9F-43BD-9EE7-727CCAA8F55D}.Release|x64.Build.0 = Release|Any CPU
		{27C31E30-DB9F-43BD-9EE7-727CCAA8F55D}.Release|x86.ActiveCfg = Release|Any CPU
		{27C31E30-DB9F-43BD-9EE7-727CCAA8F55D}.Release|x86.Build.0 = Release|Any CPU
		{8E738B50-44A3-4115-B50D-6F2A884B9D88}.Debug|Any CPU.ActiveCfg = Debug|Any CPU
		{8E738B50-44A3-4115-B50D-6F2A884B9D88}.Debug|Any CPU.Build.0 = Debug|Any CPU
		{8E738B50-44A3-4115-B50D-6F2A884B9D88}.Debug|x64.ActiveCfg = Debug|Any CPU
		{8E738B50-44A3-4115-B50D-6F2A884B9D88}.Debug|x64.Build.0 = Debug|Any CPU
		{8E738B50-44A3-4115-B50D-6F2A884B9D88}.Debug|x86.ActiveCfg = Debug|Any CPU
		{8E738B50-44A3-4115-B50D-6F2A884B9D88}.Debug|x86.Build.0 = Debug|Any CPU
		{8E738B50-44A3-4115-B50D-6F2A884B9D88}.Release|Any CPU.ActiveCfg = Release|Any CPU
		{8E738B50-44A3-4115-B50D-6F2A884B9D88}.Release|Any CPU.Build.0 = Release|Any CPU
		{8E738B50-44A3-4115-B50D-6F2A884B9D88}.Release|x64.ActiveCfg = Release|Any CPU
		{8E738B50-44A3-4115-B50D-6F2A884B9D88}.Release|x64.Build.0 = Release|Any CPU
		{8E738B50-44A3-4115-B50D-6F2A884B9D88}.Release|x86.ActiveCfg = Release|Any CPU
		{8E738B50-44A3-4115-B50D-6F2A884B9D88}.Release|x86.Build.0 = Release|Any CPU
		{2747A834-C952-4FB6-8A4B-E01C226D08F6}.Debug|Any CPU.ActiveCfg = Debug|Any CPU
		{2747A834-C952-4FB6-8A4B-E01C226D08F6}.Debug|Any CPU.Build.0 = Debug|Any CPU
		{2747A834-C952-4FB6-8A4B-E01C226D08F6}.Debug|x64.ActiveCfg = Debug|Any CPU
		{2747A834-C952-4FB6-8A4B-E01C226D08F6}.Debug|x64.Build.0 = Debug|Any CPU
		{2747A834-C952-4FB6-8A4B-E01C226D08F6}.Debug|x86.ActiveCfg = Debug|Any CPU
		{2747A834-C952-4FB6-8A4B-E01C226D08F6}.Debug|x86.Build.0 = Debug|Any CPU
		{2747A834-C952-4FB6-8A4B-E01C226D08F6}.Release|Any CPU.ActiveCfg = Release|Any CPU
		{2747A834-C952-4FB6-8A4B-E01C226D08F6}.Release|Any CPU.Build.0 = Release|Any CPU
		{2747A834-C952-4FB6-8A4B-E01C226D08F6}.Release|x64.ActiveCfg = Release|Any CPU
		{2747A834-C952-4FB6-8A4B-E01C226D08F6}.Release|x64.Build.0 = Release|Any CPU
		{2747A834-C952-4FB6-8A4B-E01C226D08F6}.Release|x86.ActiveCfg = Release|Any CPU
		{2747A834-C952-4FB6-8A4B-E01C226D08F6}.Release|x86.Build.0 = Release|Any CPU
		{8524E510-D98F-4FD3-BE10-08352527290F}.Debug|Any CPU.ActiveCfg = Debug|Any CPU
		{8524E510-D98F-4FD3-BE10-08352527290F}.Debug|Any CPU.Build.0 = Debug|Any CPU
		{8524E510-D98F-4FD3-BE10-08352527290F}.Debug|x64.ActiveCfg = Debug|Any CPU
		{8524E510-D98F-4FD3-BE10-08352527290F}.Debug|x64.Build.0 = Debug|Any CPU
		{8524E510-D98F-4FD3-BE10-08352527290F}.Debug|x86.ActiveCfg = Debug|Any CPU
		{8524E510-D98F-4FD3-BE10-08352527290F}.Debug|x86.Build.0 = Debug|Any CPU
		{8524E510-D98F-4FD3-BE10-08352527290F}.Release|Any CPU.ActiveCfg = Release|Any CPU
		{8524E510-D98F-4FD3-BE10-08352527290F}.Release|Any CPU.Build.0 = Release|Any CPU
		{8524E510-D98F-4FD3-BE10-08352527290F}.Release|x64.ActiveCfg = Release|Any CPU
		{8524E510-D98F-4FD3-BE10-08352527290F}.Release|x64.Build.0 = Release|Any CPU
		{8524E510-D98F-4FD3-BE10-08352527290F}.Release|x86.ActiveCfg = Release|Any CPU
		{8524E510-D98F-4FD3-BE10-08352527290F}.Release|x86.Build.0 = Release|Any CPU
		{40C9EB86-CF4E-45D9-BEF7-E89913171D86}.Debug|Any CPU.ActiveCfg = Debug|Any CPU
		{40C9EB86-CF4E-45D9-BEF7-E89913171D86}.Debug|Any CPU.Build.0 = Debug|Any CPU
		{40C9EB86-CF4E-45D9-BEF7-E89913171D86}.Debug|x64.ActiveCfg = Debug|Any CPU
		{40C9EB86-CF4E-45D9-BEF7-E89913171D86}.Debug|x64.Build.0 = Debug|Any CPU
		{40C9EB86-CF4E-45D9-BEF7-E89913171D86}.Debug|x86.ActiveCfg = Debug|Any CPU
		{40C9EB86-CF4E-45D9-BEF7-E89913171D86}.Debug|x86.Build.0 = Debug|Any CPU
		{40C9EB86-CF4E-45D9-BEF7-E89913171D86}.Release|Any CPU.ActiveCfg = Release|Any CPU
		{40C9EB86-CF4E-45D9-BEF7-E89913171D86}.Release|Any CPU.Build.0 = Release|Any CPU
		{40C9EB86-CF4E-45D9-BEF7-E89913171D86}.Release|x64.ActiveCfg = Release|Any CPU
		{40C9EB86-CF4E-45D9-BEF7-E89913171D86}.Release|x64.Build.0 = Release|Any CPU
		{40C9EB86-CF4E-45D9-BEF7-E89913171D86}.Release|x86.ActiveCfg = Release|Any CPU
		{40C9EB86-CF4E-45D9-BEF7-E89913171D86}.Release|x86.Build.0 = Release|Any CPU
		{DE554FAE-B638-4C39-B4F9-0D4FFB0F9027}.Debug|Any CPU.ActiveCfg = Debug|Any CPU
		{DE554FAE-B638-4C39-B4F9-0D4FFB0F9027}.Debug|Any CPU.Build.0 = Debug|Any CPU
		{DE554FAE-B638-4C39-B4F9-0D4FFB0F9027}.Debug|x64.ActiveCfg = Debug|Any CPU
		{DE554FAE-B638-4C39-B4F9-0D4FFB0F9027}.Debug|x64.Build.0 = Debug|Any CPU
		{DE554FAE-B638-4C39-B4F9-0D4FFB0F9027}.Debug|x86.ActiveCfg = Debug|Any CPU
		{DE554FAE-B638-4C39-B4F9-0D4FFB0F9027}.Debug|x86.Build.0 = Debug|Any CPU
		{DE554FAE-B638-4C39-B4F9-0D4FFB0F9027}.Release|Any CPU.ActiveCfg = Release|Any CPU
		{DE554FAE-B638-4C39-B4F9-0D4FFB0F9027}.Release|Any CPU.Build.0 = Release|Any CPU
		{DE554FAE-B638-4C39-B4F9-0D4FFB0F9027}.Release|x64.ActiveCfg = Release|Any CPU
		{DE554FAE-B638-4C39-B4F9-0D4FFB0F9027}.Release|x64.Build.0 = Release|Any CPU
		{DE554FAE-B638-4C39-B4F9-0D4FFB0F9027}.Release|x86.ActiveCfg = Release|Any CPU
		{DE554FAE-B638-4C39-B4F9-0D4FFB0F9027}.Release|x86.Build.0 = Release|Any CPU
		{BEE19955-275A-4242-B1AF-402AD3C7C5F9}.Debug|Any CPU.ActiveCfg = Debug|Any CPU
		{BEE19955-275A-4242-B1AF-402AD3C7C5F9}.Debug|Any CPU.Build.0 = Debug|Any CPU
		{BEE19955-275A-4242-B1AF-402AD3C7C5F9}.Debug|x64.ActiveCfg = Debug|Any CPU
		{BEE19955-275A-4242-B1AF-402AD3C7C5F9}.Debug|x64.Build.0 = Debug|Any CPU
		{BEE19955-275A-4242-B1AF-402AD3C7C5F9}.Debug|x86.ActiveCfg = Debug|Any CPU
		{BEE19955-275A-4242-B1AF-402AD3C7C5F9}.Debug|x86.Build.0 = Debug|Any CPU
		{BEE19955-275A-4242-B1AF-402AD3C7C5F9}.Release|Any CPU.ActiveCfg = Release|Any CPU
		{BEE19955-275A-4242-B1AF-402AD3C7C5F9}.Release|Any CPU.Build.0 = Release|Any CPU
		{BEE19955-275A-4242-B1AF-402AD3C7C5F9}.Release|x64.ActiveCfg = Release|Any CPU
		{BEE19955-275A-4242-B1AF-402AD3C7C5F9}.Release|x64.Build.0 = Release|Any CPU
		{BEE19955-275A-4242-B1AF-402AD3C7C5F9}.Release|x86.ActiveCfg = Release|Any CPU
		{BEE19955-275A-4242-B1AF-402AD3C7C5F9}.Release|x86.Build.0 = Release|Any CPU
	EndGlobalSection
	GlobalSection(SolutionProperties) = preSolution
		HideSolutionNode = FALSE
	EndGlobalSection
	GlobalSection(NestedProjects) = preSolution
		{CACD258B-6FAA-4329-B278-65E169C2AA4F} = {35302E26-88E5-4279-AEF9-2AF1648FED75}
		{4FBB0A13-C5E3-4E88-93D9-35F4D9DFAF19} = {35302E26-88E5-4279-AEF9-2AF1648FED75}
		{7B89A58D-22FA-4417-972F-F4F31F750DB1} = {35302E26-88E5-4279-AEF9-2AF1648FED75}
		{D7CEFF27-821C-4551-9FAC-CAFA31EECAE4} = {35302E26-88E5-4279-AEF9-2AF1648FED75}
		{5C631D07-6022-4E12-A6A3-C9153CB52256} = {35302E26-88E5-4279-AEF9-2AF1648FED75}
		{87DB6D17-E932-4231-A26E-DC3992DE7A31} = {35302E26-88E5-4279-AEF9-2AF1648FED75}
		{2EEFB19E-9A3A-43CA-AEDD-404949932990} = {35302E26-88E5-4279-AEF9-2AF1648FED75}
		{F47BFD71-B46D-4087-86FA-B4FFCAE05BA9} = {35302E26-88E5-4279-AEF9-2AF1648FED75}
		{C632FA89-6DCA-4B70-8A14-948418F18EAE} = {35302E26-88E5-4279-AEF9-2AF1648FED75}
		{BE9E0C10-BFEE-4813-9FE5-A99FC9CC2EC9} = {35302E26-88E5-4279-AEF9-2AF1648FED75}
		{3D989189-F8DF-433F-A56F-C9356CEE04BF} = {35302E26-88E5-4279-AEF9-2AF1648FED75}
		{1544C957-ECF0-4087-B33F-1824F877388A} = {35302E26-88E5-4279-AEF9-2AF1648FED75}
		{A714BE4D-C42D-4DD6-95D7-76ED153E25F7} = {35302E26-88E5-4279-AEF9-2AF1648FED75}
		{325C924A-D53A-41A6-8A62-7C15FE8E361E} = {35302E26-88E5-4279-AEF9-2AF1648FED75}
		{5249AD2D-7706-4442-AEED-3FE5A2267A63} = {35302E26-88E5-4279-AEF9-2AF1648FED75}
		{A85BAC7E-9825-4ED4-94EC-D7769FC6F59F} = {E5146B8C-99C0-4D77-B273-8EF64C6380E4}
		{3CFAC57C-F2D9-4C97-B80A-06C9D1037C3E} = {E5146B8C-99C0-4D77-B273-8EF64C6380E4}
		{AF0AFF71-8249-4C89-AA35-5EFC2C7F0603} = {E5146B8C-99C0-4D77-B273-8EF64C6380E4}
		{5595B738-2134-424C-928D-95EDED02D41D} = {E5146B8C-99C0-4D77-B273-8EF64C6380E4}
		{9641C9F6-F1BC-4A3A-A1DE-129318AB700F} = {E5146B8C-99C0-4D77-B273-8EF64C6380E4}
		{2F704199-14C2-4BAE-8859-72A2AD28ACCE} = {7400B718-3A63-4A38-8B58-B5B08F8896FF}
		{78777983-0A40-4900-9A0A-AE11BE16D24A} = {A147D18A-EF3A-4DEA-82E2-7D12561EE462}
		{29045457-F438-4BAC-9B37-D6CDA565313B} = {A147D18A-EF3A-4DEA-82E2-7D12561EE462}
		{27C31E30-DB9F-43BD-9EE7-727CCAA8F55D} = {7400B718-3A63-4A38-8B58-B5B08F8896FF}
		{8E738B50-44A3-4115-B50D-6F2A884B9D88} = {7400B718-3A63-4A38-8B58-B5B08F8896FF}
		{A147D18A-EF3A-4DEA-82E2-7D12561EE462} = {7400B718-3A63-4A38-8B58-B5B08F8896FF}
		{A7AB8BFE-B16D-4D52-94AD-37697E04DB64} = {7400B718-3A63-4A38-8B58-B5B08F8896FF}
		{2747A834-C952-4FB6-8A4B-E01C226D08F6} = {A7AB8BFE-B16D-4D52-94AD-37697E04DB64}
		{8524E510-D98F-4FD3-BE10-08352527290F} = {A7AB8BFE-B16D-4D52-94AD-37697E04DB64}
		{40C9EB86-CF4E-45D9-BEF7-E89913171D86} = {A7AB8BFE-B16D-4D52-94AD-37697E04DB64}
		{DE554FAE-B638-4C39-B4F9-0D4FFB0F9027} = {A7AB8BFE-B16D-4D52-94AD-37697E04DB64}
		{BEE19955-275A-4242-B1AF-402AD3C7C5F9} = {A7AB8BFE-B16D-4D52-94AD-37697E04DB64}
	EndGlobalSection
	GlobalSection(ExtensibilityGlobals) = postSolution
		SolutionGuid = {74194C06-3799-4AF4-A216-76FC390CA67E}
	EndGlobalSection
EndGlobal
