
Microsoft Visual Studio Solution File, Format Version 12.00
# Visual Studio 15
VisualStudioVersion = 15.0.26124.0
MinimumVisualStudioVersion = 15.0.26124.0
Project("{2150E333-8FDC-42A3-9474-1A3956D46DE8}") = "Libs", "Libs", "{386AE10F-B7AC-4C97-AC5C-202D3662A868}"
ProjectSection(SolutionItems) = preProject
	Libs\Directory.Build.props = Libs\Directory.Build.props
EndProjectSection
EndProject
Project("{FAE04EC0-301F-11D3-BF4B-00C04F79EFBC}") = "GLib-2.0", "Libs\GLib-2.0\GLib-2.0.csproj", "{BF7F9B0B-CB43-4161-BFAD-C6EE479FC86B}"
EndProject
Project("{FAE04EC0-301F-11D3-BF4B-00C04F79EFBC}") = "GObject-2.0", "Libs\GObject-2.0\GObject-2.0.csproj", "{4F64F773-1A9A-4465-A953-900320EA86CF}"
EndProject
Project("{FAE04EC0-301F-11D3-BF4B-00C04F79EFBC}") = "cairo-1.0", "Libs\cairo-1.0\cairo-1.0.csproj", "{1E2EF862-C6E1-4614-B02E-B222B5D79FFB}"
EndProject
Project("{FAE04EC0-301F-11D3-BF4B-00C04F79EFBC}") = "Gdk-3.0", "Libs\Gdk-3.0\Gdk-3.0.csproj", "{80F262F9-AC71-471A-A308-762BC755D69D}"
EndProject
Project("{FAE04EC0-301F-11D3-BF4B-00C04F79EFBC}") = "GdkPixbuf-2.0", "Libs\GdkPixbuf-2.0\GdkPixbuf-2.0.csproj", "{F74B3242-94DE-4C5E-803F-CDC7090120AF}"
EndProject
Project("{FAE04EC0-301F-11D3-BF4B-00C04F79EFBC}") = "Gio-2.0", "Libs\Gio-2.0\Gio-2.0.csproj", "{4D008B2E-6056-4580-B8F0-512502A2D288}"
EndProject
Project("{FAE04EC0-301F-11D3-BF4B-00C04F79EFBC}") = "Pango-1.0", "Libs\Pango-1.0\Pango-1.0.csproj", "{EDECCC4E-9C4E-433D-AFFA-F23E062EC1BF}"
EndProject
Project("{2150E333-8FDC-42A3-9474-1A3956D46DE8}") = "Samples", "Samples", "{1F2E4087-585C-4B48-8E3D-700D949A15DB}"
	ProjectSection(SolutionItems) = preProject
		Samples\Directory.Build.props = Samples\Directory.Build.props
	EndProjectSection
EndProject
Project("{FAE04EC0-301F-11D3-BF4B-00C04F79EFBC}") = "DBus", "Samples\DBus\DBus.csproj", "{48A4AF23-C232-4498-9D25-B4620ECD9325}"
EndProject
Project("{2150E333-8FDC-42A3-9474-1A3956D46DE8}") = "Gtk3", "Gtk3", "{79FE88D9-9545-4AE8-80AF-8E2E2E55E8A3}"
EndProject
Project("{FAE04EC0-301F-11D3-BF4B-00C04F79EFBC}") = "QuickStart", "Samples\Gtk3\QuickStart\QuickStart.csproj", "{27D42088-5F63-4886-A0B2-8B1B66F71BF6}"
EndProject
Project("{FAE04EC0-301F-11D3-BF4B-00C04F79EFBC}") = "Gst-1.0", "Libs\Gst-1.0\Gst-1.0.csproj", "{1567FD28-14D5-4161-AB66-B099E78F6FFB}"
EndProject
Project("{FAE04EC0-301F-11D3-BF4B-00C04F79EFBC}") = "GStreamer", "Samples\GStreamer\GStreamer.csproj", "{6D2A7966-FED3-4FD5-94DF-BBD6C5D04886}"
EndProject
Project("{FAE04EC0-301F-11D3-BF4B-00C04F79EFBC}") = "GstAudio-1.0", "Libs\GstAudio-1.0\GstAudio-1.0.csproj", "{37F93CBF-43FE-428B-80D0-4D41FD0C01C7}"
EndProject
Project("{FAE04EC0-301F-11D3-BF4B-00C04F79EFBC}") = "GstVideo-1.0", "Libs\GstVideo-1.0\GstVideo-1.0.csproj", "{E22AC3F0-0298-4784-9C91-76138FA3BD74}"
EndProject
Project("{FAE04EC0-301F-11D3-BF4B-00C04F79EFBC}") = "GstPbutils-1.0", "Libs\GstPbutils-1.0\GstPbutils-1.0.csproj", "{0488271F-63F9-41BD-A38B-0FD0D7616BE3}"
EndProject
Project("{FAE04EC0-301F-11D3-BF4B-00C04F79EFBC}") = "GstBase-1.0", "Libs\GstBase-1.0\GstBase-1.0.csproj", "{8678914B-C262-4EFB-BCC0-96A15D969C2B}"
EndProject
Project("{FAE04EC0-301F-11D3-BF4B-00C04F79EFBC}") = "Integration", "Integration\Integration.csproj", "{60AA5BC4-7B82-41D2-A2A0-2235D8B04BBF}"
EndProject
Project("{2150E333-8FDC-42A3-9474-1A3956D46DE8}") = "Tests", "Tests", "{8BC11A63-D52B-40CB-9DDD-CD7C6DC21059}"
ProjectSection(SolutionItems) = preProject
	Tests\Directory.Build.props = Tests\Directory.Build.props
EndProjectSection
EndProject
Project("{2150E333-8FDC-42A3-9474-1A3956D46DE8}") = "Libs", "Libs", "{46D66262-FC61-43B9-8E76-A361FA3D6C81}"
EndProject
Project("{FAE04EC0-301F-11D3-BF4B-00C04F79EFBC}") = "GObject-2.0.Tests", "Tests\Libs\GObject-2.0.Tests\GObject-2.0.Tests.csproj", "{53101A81-CB4A-4589-AEB1-0E229D17AE7A}"
EndProject
Project("{FAE04EC0-301F-11D3-BF4B-00C04F79EFBC}") = "Gtk-3.0", "Libs\Gtk-3.0\Gtk-3.0.csproj", "{B4C179CA-89E5-4638-BAEC-8E37B5BBED12}"
EndProject
Project("{FAE04EC0-301F-11D3-BF4B-00C04F79EFBC}") = "GLib-2.0.Tests", "Tests\Libs\GLib-2.0.Tests\GLib-2.0.Tests.csproj", "{8E6A242B-B0E6-4DA2-ABA3-6389D65AED5E}"
EndProject
Project("{FAE04EC0-301F-11D3-BF4B-00C04F79EFBC}") = "Gio-2.0.Tests", "Tests\Libs\Gio-2.0.Tests\Gio-2.0.Tests.csproj", "{76DD0496-67BC-4B86-BBE1-5648CAF0C719}"
EndProject
Project("{2150E333-8FDC-42A3-9474-1A3956D46DE8}") = "GdkPixbuf", "GdkPixbuf", "{7A71B07F-B28B-4DDA-B1EA-565194056951}"
EndProject
Project("{FAE04EC0-301F-11D3-BF4B-00C04F79EFBC}") = "TestMemoryLeaks", "Samples\GdkPixbuf\TestMemoryLeaks\TestMemoryLeaks.csproj", "{46E769E2-FEC7-43EA-99B8-E7A7294D68B2}"
EndProject
Project("{FAE04EC0-301F-11D3-BF4B-00C04F79EFBC}") = "Atk-1.0", "Libs\Atk-1.0\Atk-1.0.csproj", "{C2432595-F82E-4DF1-96FA-BD6B4D470010}"
EndProject
Project("{FAE04EC0-301F-11D3-BF4B-00C04F79EFBC}") = "Window", "Samples\Gtk3\Window\Window.csproj", "{F450E603-4DCA-473A-A9D6-EAD96421F338}"
EndProject
Project("{FAE04EC0-301F-11D3-BF4B-00C04F79EFBC}") = "TestLoading", "Samples\GdkPixbuf\TestLoading\TestLoading.csproj", "{2BB1527F-D7A1-44BA-A297-4E69A3A4411C}"
EndProject
Project("{FAE04EC0-301F-11D3-BF4B-00C04F79EFBC}") = "Gtk-3.0.Tests", "Tests\Libs\Gtk-3.0.Tests\Gtk-3.0.Tests.csproj", "{F86D983A-9881-4BE7-AF92-FA0CE41FB319}"
EndProject
Project("{FAE04EC0-301F-11D3-BF4B-00C04F79EFBC}") = "DeclarativeUi", "Samples\Gtk3\DeclarativeUi\DeclarativeUi.csproj", "{59E6AF5C-5F8A-4735-9F95-6457CC17C075}"
EndProject
Project("{FAE04EC0-301F-11D3-BF4B-00C04F79EFBC}") = "AboutDialog", "Samples\Gtk3\AboutDialog\AboutDialog.csproj", "{35D35175-A160-4557-BE3E-9BCB296C61A1}"
EndProject
Project("{FAE04EC0-301F-11D3-BF4B-00C04F79EFBC}") = "DrawingArea", "Samples\Gtk3\DrawingArea\DrawingArea.csproj", "{F1A41389-B4AD-4D0F-8C44-918BF3A6A57F}"
EndProject
Project("{FAE04EC0-301F-11D3-BF4B-00C04F79EFBC}") = "TextEditor", "Samples\Gtk3\TextEditor\TextEditor.csproj", "{2510B0C1-793D-4EA7-A296-F54F881C94C8}"
EndProject
Project("{FAE04EC0-301F-11D3-BF4B-00C04F79EFBC}") = "GdkPixbuf-2.0.Tests", "Tests\Libs\GdkPixbuf-2.0.Tests\GdkPixbuf-2.0.Tests.csproj", "{61016ABA-608B-47FA-9FBD-CA17D24BAB89}"
EndProject
Project("{2150E333-8FDC-42A3-9474-1A3956D46DE8}") = "Generation", "Generation", "{7A05C10C-8797-4D29-A97A-F399316BE893}"
ProjectSection(SolutionItems) = preProject
	Generation\Directory.Build.props = Generation\Directory.Build.props
EndProjectSection
EndProject
Project("{FAE04EC0-301F-11D3-BF4B-00C04F79EFBC}") = "GirLoader", "Generation\GirLoader\GirLoader.csproj", "{1EA4392E-960D-4327-9426-4C6220A7B60D}"
EndProject
Project("{2150E333-8FDC-42A3-9474-1A3956D46DE8}") = "SolutionItems", "SolutionItems", "{B670D679-3B2C-43E8-9F87-5E4E17628011}"
ProjectSection(SolutionItems) = preProject
	GirCore.General.props = GirCore.General.props
	GirCore.Publishing.props = GirCore.Publishing.props
	..\.editorconfig = ..\.editorconfig
	..\.gitignore = ..\.gitignore
	GirCore.Logging.props = GirCore.Logging.props
	GirCore.Testing.props = GirCore.Testing.props
	CleanLibs.fsx = CleanLibs.fsx
	GenerateLibs.fsx = GenerateLibs.fsx
EndProjectSection
EndProject
Project("{2150E333-8FDC-42A3-9474-1A3956D46DE8}") = "docs", "docs", "{0D9C5C7E-F81B-4E0E-B203-22D558E6D7F1}"
ProjectSection(SolutionItems) = preProject
	..\docs\contributing.md = ..\docs\contributing.md
	..\docs\windows.md = ..\docs\windows.md
	..\readme.md = ..\readme.md
EndProjectSection
EndProject
Project("{2150E333-8FDC-42A3-9474-1A3956D46DE8}") = "img", "img", "{C48DB577-12BB-4AA8-8734-802A39C093BE}"
ProjectSection(SolutionItems) = preProject
	..\img\logo.svg = ..\img\logo.svg
EndProjectSection
EndProject
Project("{2150E333-8FDC-42A3-9474-1A3956D46DE8}") = "github", "github", "{A2ECECDD-9986-450D-A0AC-D2BE32A0B23E}"
ProjectSection(SolutionItems) = preProject
	..\.github\dependabot.yml = ..\.github\dependabot.yml
EndProjectSection
EndProject
Project("{2150E333-8FDC-42A3-9474-1A3956D46DE8}") = "codeql", "codeql", "{E457B1F7-B32E-48DF-806E-7CE3A398722C}"
ProjectSection(SolutionItems) = preProject
	..\.github\codeql\codeql-config.yml = ..\.github\codeql\codeql-config.yml
	..\.github\codeql\queries.qls = ..\.github\codeql\queries.qls
EndProjectSection
EndProject
Project("{2150E333-8FDC-42A3-9474-1A3956D46DE8}") = "workflows", "workflows", "{46445B9D-7FBC-46E5-B781-B743237627BE}"
ProjectSection(SolutionItems) = preProject
	..\.github\workflows\ci.yml = ..\.github\workflows\ci.yml
	..\.github\workflows\codeql-analysis.yml = ..\.github\workflows\codeql-analysis.yml
	..\.github\workflows\release.yml = ..\.github\workflows\release.yml
	..\.github\workflows\update-gir-files.yml = ..\.github\workflows\update-gir-files.yml
EndProjectSection
EndProject
Project("{2150E333-8FDC-42A3-9474-1A3956D46DE8}") = "Generation", "Generation", "{5D5D80C1-4D21-4619-8B59-7B7750016E9D}"
EndProject
Project("{FAE04EC0-301F-11D3-BF4B-00C04F79EFBC}") = "GirLoader.Tests", "Tests\Generation\GirLoader.Tests\GirLoader.Tests.csproj", "{B296273E-1932-4B43-88E5-1F3E9D9D773A}"
EndProject
Project("{FAE04EC0-301F-11D3-BF4B-00C04F79EFBC}") = "GirModel", "Generation\GirModel\GirModel.csproj", "{C73005BB-D2DB-41B8-9DAA-1ADD81123A03}"
EndProject
Project("{FAE04EC0-301F-11D3-BF4B-00C04F79EFBC}") = "Generator", "Generation\Generator\Generator.csproj", "{6222D769-0F81-490C-B8BD-B0E2D295D97A}"
EndProject
Project("{FAE04EC0-301F-11D3-BF4B-00C04F79EFBC}") = "GirTool", "GirTool\GirTool.csproj", "{438717C4-F16C-40F5-9537-90554700C6E7}"
EndProject
Project("{FAE04EC0-301F-11D3-BF4B-00C04F79EFBC}") = "Gdk-4.0", "Libs\Gdk-4.0\Gdk-4.0.csproj", "{0E47FC0B-FD9B-4F8F-887C-953062CDACBA}"
EndProject
Project("{FAE04EC0-301F-11D3-BF4B-00C04F79EFBC}") = "PangoCairo-1.0", "Libs\PangoCairo-1.0\PangoCairo-1.0.csproj", "{D0634971-C783-4D5C-AABC-11D9A73793D1}"
EndProject
Project("{FAE04EC0-301F-11D3-BF4B-00C04F79EFBC}") = "Graphene-1.0", "Libs\Graphene-1.0\Graphene-1.0.csproj", "{DF694C59-5AED-4CEE-AD22-DCC4A0F2F2FF}"
EndProject
Project("{FAE04EC0-301F-11D3-BF4B-00C04F79EFBC}") = "Gsk-4.0", "Libs\Gsk-4.0\Gsk-4.0.csproj", "{251E78C3-288E-4959-AA70-B9B5944B2211}"
EndProject
Project("{FAE04EC0-301F-11D3-BF4B-00C04F79EFBC}") = "HarfBuzz-0.0", "Libs\HarfBuzz-0.0\HarfBuzz-0.0.csproj", "{B1A15F0A-1B78-440C-B5D7-C106A199529E}"
EndProject
Project("{FAE04EC0-301F-11D3-BF4B-00C04F79EFBC}") = "Gtk-4.0", "Libs\Gtk-4.0\Gtk-4.0.csproj", "{67EAFE46-6D20-4B24-AF73-67489DC903E5}"
EndProject
Project("{2150E333-8FDC-42A3-9474-1A3956D46DE8}") = "Gtk4", "Gtk4", "{7B70E5ED-C5E7-4F32-A458-E5A10F39DA00}"
EndProject
Project("{FAE04EC0-301F-11D3-BF4B-00C04F79EFBC}") = "Window", "Samples\Gtk4\Window\Window.csproj", "{AD618F85-F8F5-454B-9CA0-ABF936492065}"
EndProject
Project("{FAE04EC0-301F-11D3-BF4B-00C04F79EFBC}") = "AboutDialog", "Samples\Gtk4\AboutDialog\AboutDialog.csproj", "{4008E1B8-AC7D-4CC8-AB74-8576493C4FDD}"
EndProject
Project("{FAE04EC0-301F-11D3-BF4B-00C04F79EFBC}") = "Cairo-1.0.Tests", "Tests\Libs\Cairo-1.0.Tests\Cairo-1.0.Tests.csproj", "{DE84D292-F45E-4807-893F-294AE0BBCD06}"
EndProject
Project("{FAE04EC0-301F-11D3-BF4B-00C04F79EFBC}") = "Builder", "Samples\Gtk4\Builder\Builder.csproj", "{D215B861-1A51-436A-82EB-FCF7AF892748}"
EndProject
Project("{2150E333-8FDC-42A3-9474-1A3956D46DE8}") = "Extensions", "Extensions", "{82ACABCF-0CE8-40ED-9402-8499407E846F}"
	ProjectSection(SolutionItems) = preProject
		Extensions\Directory.Build.props = Extensions\Directory.Build.props
	EndProjectSection
EndProject
Project("{FAE04EC0-301F-11D3-BF4B-00C04F79EFBC}") = "GtkDependencyInjection", "Extensions\GtkDependencyInjection\GtkDependencyInjection.csproj", "{2DA15D43-DF53-49A5-AFA7-00E906CE7D39}"
EndProject
Project("{FAE04EC0-301F-11D3-BF4B-00C04F79EFBC}") = "DependencyInjection", "Samples\Gtk4\DependencyInjection\DependencyInjection.csproj", "{17F42864-8233-4B08-86C5-5E49DA35C2C2}"
EndProject
Global
	GlobalSection(SolutionConfigurationPlatforms) = preSolution
		Debug|Any CPU = Debug|Any CPU
		Debug|x64 = Debug|x64
		Debug|x86 = Debug|x86
		Release|Any CPU = Release|Any CPU
		Release|x64 = Release|x64
		Release|x86 = Release|x86
	EndGlobalSection
	GlobalSection(SolutionProperties) = preSolution
		HideSolutionNode = FALSE
	EndGlobalSection
	GlobalSection(ProjectConfigurationPlatforms) = postSolution
		{BF7F9B0B-CB43-4161-BFAD-C6EE479FC86B}.Debug|Any CPU.ActiveCfg = Debug|Any CPU
		{BF7F9B0B-CB43-4161-BFAD-C6EE479FC86B}.Debug|Any CPU.Build.0 = Debug|Any CPU
		{BF7F9B0B-CB43-4161-BFAD-C6EE479FC86B}.Debug|x64.ActiveCfg = Debug|Any CPU
		{BF7F9B0B-CB43-4161-BFAD-C6EE479FC86B}.Debug|x64.Build.0 = Debug|Any CPU
		{BF7F9B0B-CB43-4161-BFAD-C6EE479FC86B}.Debug|x86.ActiveCfg = Debug|Any CPU
		{BF7F9B0B-CB43-4161-BFAD-C6EE479FC86B}.Debug|x86.Build.0 = Debug|Any CPU
		{BF7F9B0B-CB43-4161-BFAD-C6EE479FC86B}.Release|Any CPU.ActiveCfg = Release|Any CPU
		{BF7F9B0B-CB43-4161-BFAD-C6EE479FC86B}.Release|Any CPU.Build.0 = Release|Any CPU
		{BF7F9B0B-CB43-4161-BFAD-C6EE479FC86B}.Release|x64.ActiveCfg = Release|Any CPU
		{BF7F9B0B-CB43-4161-BFAD-C6EE479FC86B}.Release|x64.Build.0 = Release|Any CPU
		{BF7F9B0B-CB43-4161-BFAD-C6EE479FC86B}.Release|x86.ActiveCfg = Release|Any CPU
		{BF7F9B0B-CB43-4161-BFAD-C6EE479FC86B}.Release|x86.Build.0 = Release|Any CPU
		{4F64F773-1A9A-4465-A953-900320EA86CF}.Debug|Any CPU.ActiveCfg = Debug|Any CPU
		{4F64F773-1A9A-4465-A953-900320EA86CF}.Debug|Any CPU.Build.0 = Debug|Any CPU
		{4F64F773-1A9A-4465-A953-900320EA86CF}.Debug|x64.ActiveCfg = Debug|Any CPU
		{4F64F773-1A9A-4465-A953-900320EA86CF}.Debug|x64.Build.0 = Debug|Any CPU
		{4F64F773-1A9A-4465-A953-900320EA86CF}.Debug|x86.ActiveCfg = Debug|Any CPU
		{4F64F773-1A9A-4465-A953-900320EA86CF}.Debug|x86.Build.0 = Debug|Any CPU
		{4F64F773-1A9A-4465-A953-900320EA86CF}.Release|Any CPU.ActiveCfg = Release|Any CPU
		{4F64F773-1A9A-4465-A953-900320EA86CF}.Release|Any CPU.Build.0 = Release|Any CPU
		{4F64F773-1A9A-4465-A953-900320EA86CF}.Release|x64.ActiveCfg = Release|Any CPU
		{4F64F773-1A9A-4465-A953-900320EA86CF}.Release|x64.Build.0 = Release|Any CPU
		{4F64F773-1A9A-4465-A953-900320EA86CF}.Release|x86.ActiveCfg = Release|Any CPU
		{4F64F773-1A9A-4465-A953-900320EA86CF}.Release|x86.Build.0 = Release|Any CPU
		{1E2EF862-C6E1-4614-B02E-B222B5D79FFB}.Debug|Any CPU.ActiveCfg = Debug|Any CPU
		{1E2EF862-C6E1-4614-B02E-B222B5D79FFB}.Debug|Any CPU.Build.0 = Debug|Any CPU
		{1E2EF862-C6E1-4614-B02E-B222B5D79FFB}.Debug|x64.ActiveCfg = Debug|Any CPU
		{1E2EF862-C6E1-4614-B02E-B222B5D79FFB}.Debug|x64.Build.0 = Debug|Any CPU
		{1E2EF862-C6E1-4614-B02E-B222B5D79FFB}.Debug|x86.ActiveCfg = Debug|Any CPU
		{1E2EF862-C6E1-4614-B02E-B222B5D79FFB}.Debug|x86.Build.0 = Debug|Any CPU
		{1E2EF862-C6E1-4614-B02E-B222B5D79FFB}.Release|Any CPU.ActiveCfg = Release|Any CPU
		{1E2EF862-C6E1-4614-B02E-B222B5D79FFB}.Release|Any CPU.Build.0 = Release|Any CPU
		{1E2EF862-C6E1-4614-B02E-B222B5D79FFB}.Release|x64.ActiveCfg = Release|Any CPU
		{1E2EF862-C6E1-4614-B02E-B222B5D79FFB}.Release|x64.Build.0 = Release|Any CPU
		{1E2EF862-C6E1-4614-B02E-B222B5D79FFB}.Release|x86.ActiveCfg = Release|Any CPU
		{1E2EF862-C6E1-4614-B02E-B222B5D79FFB}.Release|x86.Build.0 = Release|Any CPU
		{80F262F9-AC71-471A-A308-762BC755D69D}.Debug|Any CPU.ActiveCfg = Debug|Any CPU
		{80F262F9-AC71-471A-A308-762BC755D69D}.Debug|Any CPU.Build.0 = Debug|Any CPU
		{80F262F9-AC71-471A-A308-762BC755D69D}.Debug|x64.ActiveCfg = Debug|Any CPU
		{80F262F9-AC71-471A-A308-762BC755D69D}.Debug|x64.Build.0 = Debug|Any CPU
		{80F262F9-AC71-471A-A308-762BC755D69D}.Debug|x86.ActiveCfg = Debug|Any CPU
		{80F262F9-AC71-471A-A308-762BC755D69D}.Debug|x86.Build.0 = Debug|Any CPU
		{80F262F9-AC71-471A-A308-762BC755D69D}.Release|Any CPU.ActiveCfg = Release|Any CPU
		{80F262F9-AC71-471A-A308-762BC755D69D}.Release|Any CPU.Build.0 = Release|Any CPU
		{80F262F9-AC71-471A-A308-762BC755D69D}.Release|x64.ActiveCfg = Release|Any CPU
		{80F262F9-AC71-471A-A308-762BC755D69D}.Release|x64.Build.0 = Release|Any CPU
		{80F262F9-AC71-471A-A308-762BC755D69D}.Release|x86.ActiveCfg = Release|Any CPU
		{80F262F9-AC71-471A-A308-762BC755D69D}.Release|x86.Build.0 = Release|Any CPU
		{F74B3242-94DE-4C5E-803F-CDC7090120AF}.Debug|Any CPU.ActiveCfg = Debug|Any CPU
		{F74B3242-94DE-4C5E-803F-CDC7090120AF}.Debug|Any CPU.Build.0 = Debug|Any CPU
		{F74B3242-94DE-4C5E-803F-CDC7090120AF}.Debug|x64.ActiveCfg = Debug|Any CPU
		{F74B3242-94DE-4C5E-803F-CDC7090120AF}.Debug|x64.Build.0 = Debug|Any CPU
		{F74B3242-94DE-4C5E-803F-CDC7090120AF}.Debug|x86.ActiveCfg = Debug|Any CPU
		{F74B3242-94DE-4C5E-803F-CDC7090120AF}.Debug|x86.Build.0 = Debug|Any CPU
		{F74B3242-94DE-4C5E-803F-CDC7090120AF}.Release|Any CPU.ActiveCfg = Release|Any CPU
		{F74B3242-94DE-4C5E-803F-CDC7090120AF}.Release|Any CPU.Build.0 = Release|Any CPU
		{F74B3242-94DE-4C5E-803F-CDC7090120AF}.Release|x64.ActiveCfg = Release|Any CPU
		{F74B3242-94DE-4C5E-803F-CDC7090120AF}.Release|x64.Build.0 = Release|Any CPU
		{F74B3242-94DE-4C5E-803F-CDC7090120AF}.Release|x86.ActiveCfg = Release|Any CPU
		{F74B3242-94DE-4C5E-803F-CDC7090120AF}.Release|x86.Build.0 = Release|Any CPU
		{4D008B2E-6056-4580-B8F0-512502A2D288}.Debug|Any CPU.ActiveCfg = Debug|Any CPU
		{4D008B2E-6056-4580-B8F0-512502A2D288}.Debug|Any CPU.Build.0 = Debug|Any CPU
		{4D008B2E-6056-4580-B8F0-512502A2D288}.Debug|x64.ActiveCfg = Debug|Any CPU
		{4D008B2E-6056-4580-B8F0-512502A2D288}.Debug|x64.Build.0 = Debug|Any CPU
		{4D008B2E-6056-4580-B8F0-512502A2D288}.Debug|x86.ActiveCfg = Debug|Any CPU
		{4D008B2E-6056-4580-B8F0-512502A2D288}.Debug|x86.Build.0 = Debug|Any CPU
		{4D008B2E-6056-4580-B8F0-512502A2D288}.Release|Any CPU.ActiveCfg = Release|Any CPU
		{4D008B2E-6056-4580-B8F0-512502A2D288}.Release|Any CPU.Build.0 = Release|Any CPU
		{4D008B2E-6056-4580-B8F0-512502A2D288}.Release|x64.ActiveCfg = Release|Any CPU
		{4D008B2E-6056-4580-B8F0-512502A2D288}.Release|x64.Build.0 = Release|Any CPU
		{4D008B2E-6056-4580-B8F0-512502A2D288}.Release|x86.ActiveCfg = Release|Any CPU
		{4D008B2E-6056-4580-B8F0-512502A2D288}.Release|x86.Build.0 = Release|Any CPU
		{EDECCC4E-9C4E-433D-AFFA-F23E062EC1BF}.Debug|Any CPU.ActiveCfg = Debug|Any CPU
		{EDECCC4E-9C4E-433D-AFFA-F23E062EC1BF}.Debug|Any CPU.Build.0 = Debug|Any CPU
		{EDECCC4E-9C4E-433D-AFFA-F23E062EC1BF}.Debug|x64.ActiveCfg = Debug|Any CPU
		{EDECCC4E-9C4E-433D-AFFA-F23E062EC1BF}.Debug|x64.Build.0 = Debug|Any CPU
		{EDECCC4E-9C4E-433D-AFFA-F23E062EC1BF}.Debug|x86.ActiveCfg = Debug|Any CPU
		{EDECCC4E-9C4E-433D-AFFA-F23E062EC1BF}.Debug|x86.Build.0 = Debug|Any CPU
		{EDECCC4E-9C4E-433D-AFFA-F23E062EC1BF}.Release|Any CPU.ActiveCfg = Release|Any CPU
		{EDECCC4E-9C4E-433D-AFFA-F23E062EC1BF}.Release|Any CPU.Build.0 = Release|Any CPU
		{EDECCC4E-9C4E-433D-AFFA-F23E062EC1BF}.Release|x64.ActiveCfg = Release|Any CPU
		{EDECCC4E-9C4E-433D-AFFA-F23E062EC1BF}.Release|x64.Build.0 = Release|Any CPU
		{EDECCC4E-9C4E-433D-AFFA-F23E062EC1BF}.Release|x86.ActiveCfg = Release|Any CPU
		{EDECCC4E-9C4E-433D-AFFA-F23E062EC1BF}.Release|x86.Build.0 = Release|Any CPU
		{48A4AF23-C232-4498-9D25-B4620ECD9325}.Debug|Any CPU.ActiveCfg = Debug|Any CPU
		{48A4AF23-C232-4498-9D25-B4620ECD9325}.Debug|Any CPU.Build.0 = Debug|Any CPU
		{48A4AF23-C232-4498-9D25-B4620ECD9325}.Debug|x64.ActiveCfg = Debug|Any CPU
		{48A4AF23-C232-4498-9D25-B4620ECD9325}.Debug|x64.Build.0 = Debug|Any CPU
		{48A4AF23-C232-4498-9D25-B4620ECD9325}.Debug|x86.ActiveCfg = Debug|Any CPU
		{48A4AF23-C232-4498-9D25-B4620ECD9325}.Debug|x86.Build.0 = Debug|Any CPU
		{48A4AF23-C232-4498-9D25-B4620ECD9325}.Release|Any CPU.ActiveCfg = Release|Any CPU
		{48A4AF23-C232-4498-9D25-B4620ECD9325}.Release|Any CPU.Build.0 = Release|Any CPU
		{48A4AF23-C232-4498-9D25-B4620ECD9325}.Release|x64.ActiveCfg = Release|Any CPU
		{48A4AF23-C232-4498-9D25-B4620ECD9325}.Release|x64.Build.0 = Release|Any CPU
		{48A4AF23-C232-4498-9D25-B4620ECD9325}.Release|x86.ActiveCfg = Release|Any CPU
		{48A4AF23-C232-4498-9D25-B4620ECD9325}.Release|x86.Build.0 = Release|Any CPU
		{27D42088-5F63-4886-A0B2-8B1B66F71BF6}.Debug|Any CPU.ActiveCfg = Debug|Any CPU
		{27D42088-5F63-4886-A0B2-8B1B66F71BF6}.Debug|Any CPU.Build.0 = Debug|Any CPU
		{27D42088-5F63-4886-A0B2-8B1B66F71BF6}.Debug|x64.ActiveCfg = Debug|Any CPU
		{27D42088-5F63-4886-A0B2-8B1B66F71BF6}.Debug|x64.Build.0 = Debug|Any CPU
		{27D42088-5F63-4886-A0B2-8B1B66F71BF6}.Debug|x86.ActiveCfg = Debug|Any CPU
		{27D42088-5F63-4886-A0B2-8B1B66F71BF6}.Debug|x86.Build.0 = Debug|Any CPU
		{27D42088-5F63-4886-A0B2-8B1B66F71BF6}.Release|Any CPU.ActiveCfg = Release|Any CPU
		{27D42088-5F63-4886-A0B2-8B1B66F71BF6}.Release|Any CPU.Build.0 = Release|Any CPU
		{27D42088-5F63-4886-A0B2-8B1B66F71BF6}.Release|x64.ActiveCfg = Release|Any CPU
		{27D42088-5F63-4886-A0B2-8B1B66F71BF6}.Release|x64.Build.0 = Release|Any CPU
		{27D42088-5F63-4886-A0B2-8B1B66F71BF6}.Release|x86.ActiveCfg = Release|Any CPU
		{27D42088-5F63-4886-A0B2-8B1B66F71BF6}.Release|x86.Build.0 = Release|Any CPU
		{1567FD28-14D5-4161-AB66-B099E78F6FFB}.Debug|Any CPU.ActiveCfg = Debug|Any CPU
		{1567FD28-14D5-4161-AB66-B099E78F6FFB}.Debug|Any CPU.Build.0 = Debug|Any CPU
		{1567FD28-14D5-4161-AB66-B099E78F6FFB}.Debug|x64.ActiveCfg = Debug|Any CPU
		{1567FD28-14D5-4161-AB66-B099E78F6FFB}.Debug|x64.Build.0 = Debug|Any CPU
		{1567FD28-14D5-4161-AB66-B099E78F6FFB}.Debug|x86.ActiveCfg = Debug|Any CPU
		{1567FD28-14D5-4161-AB66-B099E78F6FFB}.Debug|x86.Build.0 = Debug|Any CPU
		{1567FD28-14D5-4161-AB66-B099E78F6FFB}.Release|Any CPU.ActiveCfg = Release|Any CPU
		{1567FD28-14D5-4161-AB66-B099E78F6FFB}.Release|Any CPU.Build.0 = Release|Any CPU
		{1567FD28-14D5-4161-AB66-B099E78F6FFB}.Release|x64.ActiveCfg = Release|Any CPU
		{1567FD28-14D5-4161-AB66-B099E78F6FFB}.Release|x64.Build.0 = Release|Any CPU
		{1567FD28-14D5-4161-AB66-B099E78F6FFB}.Release|x86.ActiveCfg = Release|Any CPU
		{1567FD28-14D5-4161-AB66-B099E78F6FFB}.Release|x86.Build.0 = Release|Any CPU
		{6D2A7966-FED3-4FD5-94DF-BBD6C5D04886}.Debug|Any CPU.ActiveCfg = Debug|Any CPU
		{6D2A7966-FED3-4FD5-94DF-BBD6C5D04886}.Debug|Any CPU.Build.0 = Debug|Any CPU
		{6D2A7966-FED3-4FD5-94DF-BBD6C5D04886}.Debug|x64.ActiveCfg = Debug|Any CPU
		{6D2A7966-FED3-4FD5-94DF-BBD6C5D04886}.Debug|x64.Build.0 = Debug|Any CPU
		{6D2A7966-FED3-4FD5-94DF-BBD6C5D04886}.Debug|x86.ActiveCfg = Debug|Any CPU
		{6D2A7966-FED3-4FD5-94DF-BBD6C5D04886}.Debug|x86.Build.0 = Debug|Any CPU
		{6D2A7966-FED3-4FD5-94DF-BBD6C5D04886}.Release|Any CPU.ActiveCfg = Release|Any CPU
		{6D2A7966-FED3-4FD5-94DF-BBD6C5D04886}.Release|Any CPU.Build.0 = Release|Any CPU
		{6D2A7966-FED3-4FD5-94DF-BBD6C5D04886}.Release|x64.ActiveCfg = Release|Any CPU
		{6D2A7966-FED3-4FD5-94DF-BBD6C5D04886}.Release|x64.Build.0 = Release|Any CPU
		{6D2A7966-FED3-4FD5-94DF-BBD6C5D04886}.Release|x86.ActiveCfg = Release|Any CPU
		{6D2A7966-FED3-4FD5-94DF-BBD6C5D04886}.Release|x86.Build.0 = Release|Any CPU
		{37F93CBF-43FE-428B-80D0-4D41FD0C01C7}.Debug|Any CPU.ActiveCfg = Debug|Any CPU
		{37F93CBF-43FE-428B-80D0-4D41FD0C01C7}.Debug|Any CPU.Build.0 = Debug|Any CPU
		{37F93CBF-43FE-428B-80D0-4D41FD0C01C7}.Debug|x64.ActiveCfg = Debug|Any CPU
		{37F93CBF-43FE-428B-80D0-4D41FD0C01C7}.Debug|x64.Build.0 = Debug|Any CPU
		{37F93CBF-43FE-428B-80D0-4D41FD0C01C7}.Debug|x86.ActiveCfg = Debug|Any CPU
		{37F93CBF-43FE-428B-80D0-4D41FD0C01C7}.Debug|x86.Build.0 = Debug|Any CPU
		{37F93CBF-43FE-428B-80D0-4D41FD0C01C7}.Release|Any CPU.ActiveCfg = Release|Any CPU
		{37F93CBF-43FE-428B-80D0-4D41FD0C01C7}.Release|Any CPU.Build.0 = Release|Any CPU
		{37F93CBF-43FE-428B-80D0-4D41FD0C01C7}.Release|x64.ActiveCfg = Release|Any CPU
		{37F93CBF-43FE-428B-80D0-4D41FD0C01C7}.Release|x64.Build.0 = Release|Any CPU
		{37F93CBF-43FE-428B-80D0-4D41FD0C01C7}.Release|x86.ActiveCfg = Release|Any CPU
		{37F93CBF-43FE-428B-80D0-4D41FD0C01C7}.Release|x86.Build.0 = Release|Any CPU
		{E22AC3F0-0298-4784-9C91-76138FA3BD74}.Debug|Any CPU.ActiveCfg = Debug|Any CPU
		{E22AC3F0-0298-4784-9C91-76138FA3BD74}.Debug|Any CPU.Build.0 = Debug|Any CPU
		{E22AC3F0-0298-4784-9C91-76138FA3BD74}.Debug|x64.ActiveCfg = Debug|Any CPU
		{E22AC3F0-0298-4784-9C91-76138FA3BD74}.Debug|x64.Build.0 = Debug|Any CPU
		{E22AC3F0-0298-4784-9C91-76138FA3BD74}.Debug|x86.ActiveCfg = Debug|Any CPU
		{E22AC3F0-0298-4784-9C91-76138FA3BD74}.Debug|x86.Build.0 = Debug|Any CPU
		{E22AC3F0-0298-4784-9C91-76138FA3BD74}.Release|Any CPU.ActiveCfg = Release|Any CPU
		{E22AC3F0-0298-4784-9C91-76138FA3BD74}.Release|Any CPU.Build.0 = Release|Any CPU
		{E22AC3F0-0298-4784-9C91-76138FA3BD74}.Release|x64.ActiveCfg = Release|Any CPU
		{E22AC3F0-0298-4784-9C91-76138FA3BD74}.Release|x64.Build.0 = Release|Any CPU
		{E22AC3F0-0298-4784-9C91-76138FA3BD74}.Release|x86.ActiveCfg = Release|Any CPU
		{E22AC3F0-0298-4784-9C91-76138FA3BD74}.Release|x86.Build.0 = Release|Any CPU
		{0488271F-63F9-41BD-A38B-0FD0D7616BE3}.Debug|Any CPU.ActiveCfg = Debug|Any CPU
		{0488271F-63F9-41BD-A38B-0FD0D7616BE3}.Debug|Any CPU.Build.0 = Debug|Any CPU
		{0488271F-63F9-41BD-A38B-0FD0D7616BE3}.Debug|x64.ActiveCfg = Debug|Any CPU
		{0488271F-63F9-41BD-A38B-0FD0D7616BE3}.Debug|x64.Build.0 = Debug|Any CPU
		{0488271F-63F9-41BD-A38B-0FD0D7616BE3}.Debug|x86.ActiveCfg = Debug|Any CPU
		{0488271F-63F9-41BD-A38B-0FD0D7616BE3}.Debug|x86.Build.0 = Debug|Any CPU
		{0488271F-63F9-41BD-A38B-0FD0D7616BE3}.Release|Any CPU.ActiveCfg = Release|Any CPU
		{0488271F-63F9-41BD-A38B-0FD0D7616BE3}.Release|Any CPU.Build.0 = Release|Any CPU
		{0488271F-63F9-41BD-A38B-0FD0D7616BE3}.Release|x64.ActiveCfg = Release|Any CPU
		{0488271F-63F9-41BD-A38B-0FD0D7616BE3}.Release|x64.Build.0 = Release|Any CPU
		{0488271F-63F9-41BD-A38B-0FD0D7616BE3}.Release|x86.ActiveCfg = Release|Any CPU
		{0488271F-63F9-41BD-A38B-0FD0D7616BE3}.Release|x86.Build.0 = Release|Any CPU
		{8678914B-C262-4EFB-BCC0-96A15D969C2B}.Debug|Any CPU.ActiveCfg = Debug|Any CPU
		{8678914B-C262-4EFB-BCC0-96A15D969C2B}.Debug|Any CPU.Build.0 = Debug|Any CPU
		{8678914B-C262-4EFB-BCC0-96A15D969C2B}.Debug|x64.ActiveCfg = Debug|Any CPU
		{8678914B-C262-4EFB-BCC0-96A15D969C2B}.Debug|x64.Build.0 = Debug|Any CPU
		{8678914B-C262-4EFB-BCC0-96A15D969C2B}.Debug|x86.ActiveCfg = Debug|Any CPU
		{8678914B-C262-4EFB-BCC0-96A15D969C2B}.Debug|x86.Build.0 = Debug|Any CPU
		{8678914B-C262-4EFB-BCC0-96A15D969C2B}.Release|Any CPU.ActiveCfg = Release|Any CPU
		{8678914B-C262-4EFB-BCC0-96A15D969C2B}.Release|Any CPU.Build.0 = Release|Any CPU
		{8678914B-C262-4EFB-BCC0-96A15D969C2B}.Release|x64.ActiveCfg = Release|Any CPU
		{8678914B-C262-4EFB-BCC0-96A15D969C2B}.Release|x64.Build.0 = Release|Any CPU
		{8678914B-C262-4EFB-BCC0-96A15D969C2B}.Release|x86.ActiveCfg = Release|Any CPU
		{8678914B-C262-4EFB-BCC0-96A15D969C2B}.Release|x86.Build.0 = Release|Any CPU
		{60AA5BC4-7B82-41D2-A2A0-2235D8B04BBF}.Debug|Any CPU.ActiveCfg = Debug|Any CPU
		{60AA5BC4-7B82-41D2-A2A0-2235D8B04BBF}.Debug|Any CPU.Build.0 = Debug|Any CPU
		{60AA5BC4-7B82-41D2-A2A0-2235D8B04BBF}.Debug|x64.ActiveCfg = Debug|Any CPU
		{60AA5BC4-7B82-41D2-A2A0-2235D8B04BBF}.Debug|x64.Build.0 = Debug|Any CPU
		{60AA5BC4-7B82-41D2-A2A0-2235D8B04BBF}.Debug|x86.ActiveCfg = Debug|Any CPU
		{60AA5BC4-7B82-41D2-A2A0-2235D8B04BBF}.Debug|x86.Build.0 = Debug|Any CPU
		{60AA5BC4-7B82-41D2-A2A0-2235D8B04BBF}.Release|Any CPU.ActiveCfg = Release|Any CPU
		{60AA5BC4-7B82-41D2-A2A0-2235D8B04BBF}.Release|Any CPU.Build.0 = Release|Any CPU
		{60AA5BC4-7B82-41D2-A2A0-2235D8B04BBF}.Release|x64.ActiveCfg = Release|Any CPU
		{60AA5BC4-7B82-41D2-A2A0-2235D8B04BBF}.Release|x64.Build.0 = Release|Any CPU
		{60AA5BC4-7B82-41D2-A2A0-2235D8B04BBF}.Release|x86.ActiveCfg = Release|Any CPU
		{60AA5BC4-7B82-41D2-A2A0-2235D8B04BBF}.Release|x86.Build.0 = Release|Any CPU
		{53101A81-CB4A-4589-AEB1-0E229D17AE7A}.Debug|Any CPU.ActiveCfg = Debug|Any CPU
		{53101A81-CB4A-4589-AEB1-0E229D17AE7A}.Debug|Any CPU.Build.0 = Debug|Any CPU
		{53101A81-CB4A-4589-AEB1-0E229D17AE7A}.Debug|x64.ActiveCfg = Debug|Any CPU
		{53101A81-CB4A-4589-AEB1-0E229D17AE7A}.Debug|x64.Build.0 = Debug|Any CPU
		{53101A81-CB4A-4589-AEB1-0E229D17AE7A}.Debug|x86.ActiveCfg = Debug|Any CPU
		{53101A81-CB4A-4589-AEB1-0E229D17AE7A}.Debug|x86.Build.0 = Debug|Any CPU
		{53101A81-CB4A-4589-AEB1-0E229D17AE7A}.Release|Any CPU.ActiveCfg = Release|Any CPU
		{53101A81-CB4A-4589-AEB1-0E229D17AE7A}.Release|Any CPU.Build.0 = Release|Any CPU
		{53101A81-CB4A-4589-AEB1-0E229D17AE7A}.Release|x64.ActiveCfg = Release|Any CPU
		{53101A81-CB4A-4589-AEB1-0E229D17AE7A}.Release|x64.Build.0 = Release|Any CPU
		{53101A81-CB4A-4589-AEB1-0E229D17AE7A}.Release|x86.ActiveCfg = Release|Any CPU
		{53101A81-CB4A-4589-AEB1-0E229D17AE7A}.Release|x86.Build.0 = Release|Any CPU
		{B4C179CA-89E5-4638-BAEC-8E37B5BBED12}.Debug|Any CPU.ActiveCfg = Debug|Any CPU
		{B4C179CA-89E5-4638-BAEC-8E37B5BBED12}.Debug|Any CPU.Build.0 = Debug|Any CPU
		{B4C179CA-89E5-4638-BAEC-8E37B5BBED12}.Debug|x64.ActiveCfg = Debug|Any CPU
		{B4C179CA-89E5-4638-BAEC-8E37B5BBED12}.Debug|x64.Build.0 = Debug|Any CPU
		{B4C179CA-89E5-4638-BAEC-8E37B5BBED12}.Debug|x86.ActiveCfg = Debug|Any CPU
		{B4C179CA-89E5-4638-BAEC-8E37B5BBED12}.Debug|x86.Build.0 = Debug|Any CPU
		{B4C179CA-89E5-4638-BAEC-8E37B5BBED12}.Release|Any CPU.ActiveCfg = Release|Any CPU
		{B4C179CA-89E5-4638-BAEC-8E37B5BBED12}.Release|Any CPU.Build.0 = Release|Any CPU
		{B4C179CA-89E5-4638-BAEC-8E37B5BBED12}.Release|x64.ActiveCfg = Release|Any CPU
		{B4C179CA-89E5-4638-BAEC-8E37B5BBED12}.Release|x64.Build.0 = Release|Any CPU
		{B4C179CA-89E5-4638-BAEC-8E37B5BBED12}.Release|x86.ActiveCfg = Release|Any CPU
		{B4C179CA-89E5-4638-BAEC-8E37B5BBED12}.Release|x86.Build.0 = Release|Any CPU
		{8E6A242B-B0E6-4DA2-ABA3-6389D65AED5E}.Debug|Any CPU.ActiveCfg = Debug|Any CPU
		{8E6A242B-B0E6-4DA2-ABA3-6389D65AED5E}.Debug|Any CPU.Build.0 = Debug|Any CPU
		{8E6A242B-B0E6-4DA2-ABA3-6389D65AED5E}.Debug|x64.ActiveCfg = Debug|Any CPU
		{8E6A242B-B0E6-4DA2-ABA3-6389D65AED5E}.Debug|x64.Build.0 = Debug|Any CPU
		{8E6A242B-B0E6-4DA2-ABA3-6389D65AED5E}.Debug|x86.ActiveCfg = Debug|Any CPU
		{8E6A242B-B0E6-4DA2-ABA3-6389D65AED5E}.Debug|x86.Build.0 = Debug|Any CPU
		{8E6A242B-B0E6-4DA2-ABA3-6389D65AED5E}.Release|Any CPU.ActiveCfg = Release|Any CPU
		{8E6A242B-B0E6-4DA2-ABA3-6389D65AED5E}.Release|Any CPU.Build.0 = Release|Any CPU
		{8E6A242B-B0E6-4DA2-ABA3-6389D65AED5E}.Release|x64.ActiveCfg = Release|Any CPU
		{8E6A242B-B0E6-4DA2-ABA3-6389D65AED5E}.Release|x64.Build.0 = Release|Any CPU
		{8E6A242B-B0E6-4DA2-ABA3-6389D65AED5E}.Release|x86.ActiveCfg = Release|Any CPU
		{8E6A242B-B0E6-4DA2-ABA3-6389D65AED5E}.Release|x86.Build.0 = Release|Any CPU
		{76DD0496-67BC-4B86-BBE1-5648CAF0C719}.Debug|Any CPU.ActiveCfg = Debug|Any CPU
		{76DD0496-67BC-4B86-BBE1-5648CAF0C719}.Debug|Any CPU.Build.0 = Debug|Any CPU
		{76DD0496-67BC-4B86-BBE1-5648CAF0C719}.Debug|x64.ActiveCfg = Debug|Any CPU
		{76DD0496-67BC-4B86-BBE1-5648CAF0C719}.Debug|x64.Build.0 = Debug|Any CPU
		{76DD0496-67BC-4B86-BBE1-5648CAF0C719}.Debug|x86.ActiveCfg = Debug|Any CPU
		{76DD0496-67BC-4B86-BBE1-5648CAF0C719}.Debug|x86.Build.0 = Debug|Any CPU
		{76DD0496-67BC-4B86-BBE1-5648CAF0C719}.Release|Any CPU.ActiveCfg = Release|Any CPU
		{76DD0496-67BC-4B86-BBE1-5648CAF0C719}.Release|Any CPU.Build.0 = Release|Any CPU
		{76DD0496-67BC-4B86-BBE1-5648CAF0C719}.Release|x64.ActiveCfg = Release|Any CPU
		{76DD0496-67BC-4B86-BBE1-5648CAF0C719}.Release|x64.Build.0 = Release|Any CPU
		{76DD0496-67BC-4B86-BBE1-5648CAF0C719}.Release|x86.ActiveCfg = Release|Any CPU
		{76DD0496-67BC-4B86-BBE1-5648CAF0C719}.Release|x86.Build.0 = Release|Any CPU
		{46E769E2-FEC7-43EA-99B8-E7A7294D68B2}.Debug|Any CPU.ActiveCfg = Debug|Any CPU
		{46E769E2-FEC7-43EA-99B8-E7A7294D68B2}.Debug|Any CPU.Build.0 = Debug|Any CPU
		{46E769E2-FEC7-43EA-99B8-E7A7294D68B2}.Debug|x64.ActiveCfg = Debug|Any CPU
		{46E769E2-FEC7-43EA-99B8-E7A7294D68B2}.Debug|x64.Build.0 = Debug|Any CPU
		{46E769E2-FEC7-43EA-99B8-E7A7294D68B2}.Debug|x86.ActiveCfg = Debug|Any CPU
		{46E769E2-FEC7-43EA-99B8-E7A7294D68B2}.Debug|x86.Build.0 = Debug|Any CPU
		{46E769E2-FEC7-43EA-99B8-E7A7294D68B2}.Release|Any CPU.ActiveCfg = Release|Any CPU
		{46E769E2-FEC7-43EA-99B8-E7A7294D68B2}.Release|Any CPU.Build.0 = Release|Any CPU
		{46E769E2-FEC7-43EA-99B8-E7A7294D68B2}.Release|x64.ActiveCfg = Release|Any CPU
		{46E769E2-FEC7-43EA-99B8-E7A7294D68B2}.Release|x64.Build.0 = Release|Any CPU
		{46E769E2-FEC7-43EA-99B8-E7A7294D68B2}.Release|x86.ActiveCfg = Release|Any CPU
		{46E769E2-FEC7-43EA-99B8-E7A7294D68B2}.Release|x86.Build.0 = Release|Any CPU
		{C2432595-F82E-4DF1-96FA-BD6B4D470010}.Debug|Any CPU.ActiveCfg = Debug|Any CPU
		{C2432595-F82E-4DF1-96FA-BD6B4D470010}.Debug|Any CPU.Build.0 = Debug|Any CPU
		{C2432595-F82E-4DF1-96FA-BD6B4D470010}.Debug|x64.ActiveCfg = Debug|Any CPU
		{C2432595-F82E-4DF1-96FA-BD6B4D470010}.Debug|x64.Build.0 = Debug|Any CPU
		{C2432595-F82E-4DF1-96FA-BD6B4D470010}.Debug|x86.ActiveCfg = Debug|Any CPU
		{C2432595-F82E-4DF1-96FA-BD6B4D470010}.Debug|x86.Build.0 = Debug|Any CPU
		{C2432595-F82E-4DF1-96FA-BD6B4D470010}.Release|Any CPU.ActiveCfg = Release|Any CPU
		{C2432595-F82E-4DF1-96FA-BD6B4D470010}.Release|Any CPU.Build.0 = Release|Any CPU
		{C2432595-F82E-4DF1-96FA-BD6B4D470010}.Release|x64.ActiveCfg = Release|Any CPU
		{C2432595-F82E-4DF1-96FA-BD6B4D470010}.Release|x64.Build.0 = Release|Any CPU
		{C2432595-F82E-4DF1-96FA-BD6B4D470010}.Release|x86.ActiveCfg = Release|Any CPU
		{C2432595-F82E-4DF1-96FA-BD6B4D470010}.Release|x86.Build.0 = Release|Any CPU
		{F450E603-4DCA-473A-A9D6-EAD96421F338}.Debug|Any CPU.ActiveCfg = Debug|Any CPU
		{F450E603-4DCA-473A-A9D6-EAD96421F338}.Debug|Any CPU.Build.0 = Debug|Any CPU
		{F450E603-4DCA-473A-A9D6-EAD96421F338}.Debug|x64.ActiveCfg = Debug|Any CPU
		{F450E603-4DCA-473A-A9D6-EAD96421F338}.Debug|x64.Build.0 = Debug|Any CPU
		{F450E603-4DCA-473A-A9D6-EAD96421F338}.Debug|x86.ActiveCfg = Debug|Any CPU
		{F450E603-4DCA-473A-A9D6-EAD96421F338}.Debug|x86.Build.0 = Debug|Any CPU
		{F450E603-4DCA-473A-A9D6-EAD96421F338}.Release|Any CPU.ActiveCfg = Release|Any CPU
		{F450E603-4DCA-473A-A9D6-EAD96421F338}.Release|Any CPU.Build.0 = Release|Any CPU
		{F450E603-4DCA-473A-A9D6-EAD96421F338}.Release|x64.ActiveCfg = Release|Any CPU
		{F450E603-4DCA-473A-A9D6-EAD96421F338}.Release|x64.Build.0 = Release|Any CPU
		{F450E603-4DCA-473A-A9D6-EAD96421F338}.Release|x86.ActiveCfg = Release|Any CPU
		{F450E603-4DCA-473A-A9D6-EAD96421F338}.Release|x86.Build.0 = Release|Any CPU
		{2BB1527F-D7A1-44BA-A297-4E69A3A4411C}.Debug|Any CPU.ActiveCfg = Debug|Any CPU
		{2BB1527F-D7A1-44BA-A297-4E69A3A4411C}.Debug|Any CPU.Build.0 = Debug|Any CPU
		{2BB1527F-D7A1-44BA-A297-4E69A3A4411C}.Debug|x64.ActiveCfg = Debug|Any CPU
		{2BB1527F-D7A1-44BA-A297-4E69A3A4411C}.Debug|x64.Build.0 = Debug|Any CPU
		{2BB1527F-D7A1-44BA-A297-4E69A3A4411C}.Debug|x86.ActiveCfg = Debug|Any CPU
		{2BB1527F-D7A1-44BA-A297-4E69A3A4411C}.Debug|x86.Build.0 = Debug|Any CPU
		{2BB1527F-D7A1-44BA-A297-4E69A3A4411C}.Release|Any CPU.ActiveCfg = Release|Any CPU
		{2BB1527F-D7A1-44BA-A297-4E69A3A4411C}.Release|Any CPU.Build.0 = Release|Any CPU
		{2BB1527F-D7A1-44BA-A297-4E69A3A4411C}.Release|x64.ActiveCfg = Release|Any CPU
		{2BB1527F-D7A1-44BA-A297-4E69A3A4411C}.Release|x64.Build.0 = Release|Any CPU
		{2BB1527F-D7A1-44BA-A297-4E69A3A4411C}.Release|x86.ActiveCfg = Release|Any CPU
		{2BB1527F-D7A1-44BA-A297-4E69A3A4411C}.Release|x86.Build.0 = Release|Any CPU
		{F86D983A-9881-4BE7-AF92-FA0CE41FB319}.Debug|Any CPU.ActiveCfg = Debug|Any CPU
		{F86D983A-9881-4BE7-AF92-FA0CE41FB319}.Debug|Any CPU.Build.0 = Debug|Any CPU
		{F86D983A-9881-4BE7-AF92-FA0CE41FB319}.Debug|x64.ActiveCfg = Debug|Any CPU
		{F86D983A-9881-4BE7-AF92-FA0CE41FB319}.Debug|x64.Build.0 = Debug|Any CPU
		{F86D983A-9881-4BE7-AF92-FA0CE41FB319}.Debug|x86.ActiveCfg = Debug|Any CPU
		{F86D983A-9881-4BE7-AF92-FA0CE41FB319}.Debug|x86.Build.0 = Debug|Any CPU
		{F86D983A-9881-4BE7-AF92-FA0CE41FB319}.Release|Any CPU.ActiveCfg = Release|Any CPU
		{F86D983A-9881-4BE7-AF92-FA0CE41FB319}.Release|Any CPU.Build.0 = Release|Any CPU
		{F86D983A-9881-4BE7-AF92-FA0CE41FB319}.Release|x64.ActiveCfg = Release|Any CPU
		{F86D983A-9881-4BE7-AF92-FA0CE41FB319}.Release|x64.Build.0 = Release|Any CPU
		{F86D983A-9881-4BE7-AF92-FA0CE41FB319}.Release|x86.ActiveCfg = Release|Any CPU
		{F86D983A-9881-4BE7-AF92-FA0CE41FB319}.Release|x86.Build.0 = Release|Any CPU
		{59E6AF5C-5F8A-4735-9F95-6457CC17C075}.Debug|Any CPU.ActiveCfg = Debug|Any CPU
		{59E6AF5C-5F8A-4735-9F95-6457CC17C075}.Debug|Any CPU.Build.0 = Debug|Any CPU
		{59E6AF5C-5F8A-4735-9F95-6457CC17C075}.Debug|x64.ActiveCfg = Debug|Any CPU
		{59E6AF5C-5F8A-4735-9F95-6457CC17C075}.Debug|x64.Build.0 = Debug|Any CPU
		{59E6AF5C-5F8A-4735-9F95-6457CC17C075}.Debug|x86.ActiveCfg = Debug|Any CPU
		{59E6AF5C-5F8A-4735-9F95-6457CC17C075}.Debug|x86.Build.0 = Debug|Any CPU
		{59E6AF5C-5F8A-4735-9F95-6457CC17C075}.Release|Any CPU.ActiveCfg = Release|Any CPU
		{59E6AF5C-5F8A-4735-9F95-6457CC17C075}.Release|Any CPU.Build.0 = Release|Any CPU
		{59E6AF5C-5F8A-4735-9F95-6457CC17C075}.Release|x64.ActiveCfg = Release|Any CPU
		{59E6AF5C-5F8A-4735-9F95-6457CC17C075}.Release|x64.Build.0 = Release|Any CPU
		{59E6AF5C-5F8A-4735-9F95-6457CC17C075}.Release|x86.ActiveCfg = Release|Any CPU
		{59E6AF5C-5F8A-4735-9F95-6457CC17C075}.Release|x86.Build.0 = Release|Any CPU
		{35D35175-A160-4557-BE3E-9BCB296C61A1}.Debug|Any CPU.ActiveCfg = Debug|Any CPU
		{35D35175-A160-4557-BE3E-9BCB296C61A1}.Debug|Any CPU.Build.0 = Debug|Any CPU
		{35D35175-A160-4557-BE3E-9BCB296C61A1}.Debug|x64.ActiveCfg = Debug|Any CPU
		{35D35175-A160-4557-BE3E-9BCB296C61A1}.Debug|x64.Build.0 = Debug|Any CPU
		{35D35175-A160-4557-BE3E-9BCB296C61A1}.Debug|x86.ActiveCfg = Debug|Any CPU
		{35D35175-A160-4557-BE3E-9BCB296C61A1}.Debug|x86.Build.0 = Debug|Any CPU
		{35D35175-A160-4557-BE3E-9BCB296C61A1}.Release|Any CPU.ActiveCfg = Release|Any CPU
		{35D35175-A160-4557-BE3E-9BCB296C61A1}.Release|Any CPU.Build.0 = Release|Any CPU
		{35D35175-A160-4557-BE3E-9BCB296C61A1}.Release|x64.ActiveCfg = Release|Any CPU
		{35D35175-A160-4557-BE3E-9BCB296C61A1}.Release|x64.Build.0 = Release|Any CPU
		{35D35175-A160-4557-BE3E-9BCB296C61A1}.Release|x86.ActiveCfg = Release|Any CPU
		{35D35175-A160-4557-BE3E-9BCB296C61A1}.Release|x86.Build.0 = Release|Any CPU
		{F1A41389-B4AD-4D0F-8C44-918BF3A6A57F}.Debug|Any CPU.ActiveCfg = Debug|Any CPU
		{F1A41389-B4AD-4D0F-8C44-918BF3A6A57F}.Debug|Any CPU.Build.0 = Debug|Any CPU
		{F1A41389-B4AD-4D0F-8C44-918BF3A6A57F}.Debug|x64.ActiveCfg = Debug|Any CPU
		{F1A41389-B4AD-4D0F-8C44-918BF3A6A57F}.Debug|x64.Build.0 = Debug|Any CPU
		{F1A41389-B4AD-4D0F-8C44-918BF3A6A57F}.Debug|x86.ActiveCfg = Debug|Any CPU
		{F1A41389-B4AD-4D0F-8C44-918BF3A6A57F}.Debug|x86.Build.0 = Debug|Any CPU
		{F1A41389-B4AD-4D0F-8C44-918BF3A6A57F}.Release|Any CPU.ActiveCfg = Release|Any CPU
		{F1A41389-B4AD-4D0F-8C44-918BF3A6A57F}.Release|Any CPU.Build.0 = Release|Any CPU
		{F1A41389-B4AD-4D0F-8C44-918BF3A6A57F}.Release|x64.ActiveCfg = Release|Any CPU
		{F1A41389-B4AD-4D0F-8C44-918BF3A6A57F}.Release|x64.Build.0 = Release|Any CPU
		{F1A41389-B4AD-4D0F-8C44-918BF3A6A57F}.Release|x86.ActiveCfg = Release|Any CPU
		{F1A41389-B4AD-4D0F-8C44-918BF3A6A57F}.Release|x86.Build.0 = Release|Any CPU
		{2510B0C1-793D-4EA7-A296-F54F881C94C8}.Debug|Any CPU.ActiveCfg = Debug|Any CPU
		{2510B0C1-793D-4EA7-A296-F54F881C94C8}.Debug|Any CPU.Build.0 = Debug|Any CPU
		{2510B0C1-793D-4EA7-A296-F54F881C94C8}.Debug|x64.ActiveCfg = Debug|Any CPU
		{2510B0C1-793D-4EA7-A296-F54F881C94C8}.Debug|x64.Build.0 = Debug|Any CPU
		{2510B0C1-793D-4EA7-A296-F54F881C94C8}.Debug|x86.ActiveCfg = Debug|Any CPU
		{2510B0C1-793D-4EA7-A296-F54F881C94C8}.Debug|x86.Build.0 = Debug|Any CPU
		{2510B0C1-793D-4EA7-A296-F54F881C94C8}.Release|Any CPU.ActiveCfg = Release|Any CPU
		{2510B0C1-793D-4EA7-A296-F54F881C94C8}.Release|Any CPU.Build.0 = Release|Any CPU
		{2510B0C1-793D-4EA7-A296-F54F881C94C8}.Release|x64.ActiveCfg = Release|Any CPU
		{2510B0C1-793D-4EA7-A296-F54F881C94C8}.Release|x64.Build.0 = Release|Any CPU
		{2510B0C1-793D-4EA7-A296-F54F881C94C8}.Release|x86.ActiveCfg = Release|Any CPU
		{2510B0C1-793D-4EA7-A296-F54F881C94C8}.Release|x86.Build.0 = Release|Any CPU
		{61016ABA-608B-47FA-9FBD-CA17D24BAB89}.Debug|Any CPU.ActiveCfg = Debug|Any CPU
		{61016ABA-608B-47FA-9FBD-CA17D24BAB89}.Debug|Any CPU.Build.0 = Debug|Any CPU
		{61016ABA-608B-47FA-9FBD-CA17D24BAB89}.Debug|x64.ActiveCfg = Debug|Any CPU
		{61016ABA-608B-47FA-9FBD-CA17D24BAB89}.Debug|x64.Build.0 = Debug|Any CPU
		{61016ABA-608B-47FA-9FBD-CA17D24BAB89}.Debug|x86.ActiveCfg = Debug|Any CPU
		{61016ABA-608B-47FA-9FBD-CA17D24BAB89}.Debug|x86.Build.0 = Debug|Any CPU
		{61016ABA-608B-47FA-9FBD-CA17D24BAB89}.Release|Any CPU.ActiveCfg = Release|Any CPU
		{61016ABA-608B-47FA-9FBD-CA17D24BAB89}.Release|Any CPU.Build.0 = Release|Any CPU
		{61016ABA-608B-47FA-9FBD-CA17D24BAB89}.Release|x64.ActiveCfg = Release|Any CPU
		{61016ABA-608B-47FA-9FBD-CA17D24BAB89}.Release|x64.Build.0 = Release|Any CPU
		{61016ABA-608B-47FA-9FBD-CA17D24BAB89}.Release|x86.ActiveCfg = Release|Any CPU
		{61016ABA-608B-47FA-9FBD-CA17D24BAB89}.Release|x86.Build.0 = Release|Any CPU
		{1EA4392E-960D-4327-9426-4C6220A7B60D}.Debug|Any CPU.ActiveCfg = Debug|Any CPU
		{1EA4392E-960D-4327-9426-4C6220A7B60D}.Debug|Any CPU.Build.0 = Debug|Any CPU
		{1EA4392E-960D-4327-9426-4C6220A7B60D}.Debug|x64.ActiveCfg = Debug|Any CPU
		{1EA4392E-960D-4327-9426-4C6220A7B60D}.Debug|x64.Build.0 = Debug|Any CPU
		{1EA4392E-960D-4327-9426-4C6220A7B60D}.Debug|x86.ActiveCfg = Debug|Any CPU
		{1EA4392E-960D-4327-9426-4C6220A7B60D}.Debug|x86.Build.0 = Debug|Any CPU
		{1EA4392E-960D-4327-9426-4C6220A7B60D}.Release|Any CPU.ActiveCfg = Release|Any CPU
		{1EA4392E-960D-4327-9426-4C6220A7B60D}.Release|Any CPU.Build.0 = Release|Any CPU
		{1EA4392E-960D-4327-9426-4C6220A7B60D}.Release|x64.ActiveCfg = Release|Any CPU
		{1EA4392E-960D-4327-9426-4C6220A7B60D}.Release|x64.Build.0 = Release|Any CPU
		{1EA4392E-960D-4327-9426-4C6220A7B60D}.Release|x86.ActiveCfg = Release|Any CPU
		{1EA4392E-960D-4327-9426-4C6220A7B60D}.Release|x86.Build.0 = Release|Any CPU
		{B296273E-1932-4B43-88E5-1F3E9D9D773A}.Debug|Any CPU.ActiveCfg = Debug|Any CPU
		{B296273E-1932-4B43-88E5-1F3E9D9D773A}.Debug|Any CPU.Build.0 = Debug|Any CPU
		{B296273E-1932-4B43-88E5-1F3E9D9D773A}.Debug|x64.ActiveCfg = Debug|Any CPU
		{B296273E-1932-4B43-88E5-1F3E9D9D773A}.Debug|x64.Build.0 = Debug|Any CPU
		{B296273E-1932-4B43-88E5-1F3E9D9D773A}.Debug|x86.ActiveCfg = Debug|Any CPU
		{B296273E-1932-4B43-88E5-1F3E9D9D773A}.Debug|x86.Build.0 = Debug|Any CPU
		{B296273E-1932-4B43-88E5-1F3E9D9D773A}.Release|Any CPU.ActiveCfg = Release|Any CPU
		{B296273E-1932-4B43-88E5-1F3E9D9D773A}.Release|Any CPU.Build.0 = Release|Any CPU
		{B296273E-1932-4B43-88E5-1F3E9D9D773A}.Release|x64.ActiveCfg = Release|Any CPU
		{B296273E-1932-4B43-88E5-1F3E9D9D773A}.Release|x64.Build.0 = Release|Any CPU
		{B296273E-1932-4B43-88E5-1F3E9D9D773A}.Release|x86.ActiveCfg = Release|Any CPU
		{B296273E-1932-4B43-88E5-1F3E9D9D773A}.Release|x86.Build.0 = Release|Any CPU
		{C73005BB-D2DB-41B8-9DAA-1ADD81123A03}.Debug|Any CPU.ActiveCfg = Debug|Any CPU
		{C73005BB-D2DB-41B8-9DAA-1ADD81123A03}.Debug|Any CPU.Build.0 = Debug|Any CPU
		{C73005BB-D2DB-41B8-9DAA-1ADD81123A03}.Debug|x64.ActiveCfg = Debug|Any CPU
		{C73005BB-D2DB-41B8-9DAA-1ADD81123A03}.Debug|x64.Build.0 = Debug|Any CPU
		{C73005BB-D2DB-41B8-9DAA-1ADD81123A03}.Debug|x86.ActiveCfg = Debug|Any CPU
		{C73005BB-D2DB-41B8-9DAA-1ADD81123A03}.Debug|x86.Build.0 = Debug|Any CPU
		{C73005BB-D2DB-41B8-9DAA-1ADD81123A03}.Release|Any CPU.ActiveCfg = Release|Any CPU
		{C73005BB-D2DB-41B8-9DAA-1ADD81123A03}.Release|Any CPU.Build.0 = Release|Any CPU
		{C73005BB-D2DB-41B8-9DAA-1ADD81123A03}.Release|x64.ActiveCfg = Release|Any CPU
		{C73005BB-D2DB-41B8-9DAA-1ADD81123A03}.Release|x64.Build.0 = Release|Any CPU
		{C73005BB-D2DB-41B8-9DAA-1ADD81123A03}.Release|x86.ActiveCfg = Release|Any CPU
		{C73005BB-D2DB-41B8-9DAA-1ADD81123A03}.Release|x86.Build.0 = Release|Any CPU
		{6222D769-0F81-490C-B8BD-B0E2D295D97A}.Debug|Any CPU.ActiveCfg = Debug|Any CPU
		{6222D769-0F81-490C-B8BD-B0E2D295D97A}.Debug|Any CPU.Build.0 = Debug|Any CPU
		{6222D769-0F81-490C-B8BD-B0E2D295D97A}.Debug|x64.ActiveCfg = Debug|Any CPU
		{6222D769-0F81-490C-B8BD-B0E2D295D97A}.Debug|x64.Build.0 = Debug|Any CPU
		{6222D769-0F81-490C-B8BD-B0E2D295D97A}.Debug|x86.ActiveCfg = Debug|Any CPU
		{6222D769-0F81-490C-B8BD-B0E2D295D97A}.Debug|x86.Build.0 = Debug|Any CPU
		{6222D769-0F81-490C-B8BD-B0E2D295D97A}.Release|Any CPU.ActiveCfg = Release|Any CPU
		{6222D769-0F81-490C-B8BD-B0E2D295D97A}.Release|Any CPU.Build.0 = Release|Any CPU
		{6222D769-0F81-490C-B8BD-B0E2D295D97A}.Release|x64.ActiveCfg = Release|Any CPU
		{6222D769-0F81-490C-B8BD-B0E2D295D97A}.Release|x64.Build.0 = Release|Any CPU
		{6222D769-0F81-490C-B8BD-B0E2D295D97A}.Release|x86.ActiveCfg = Release|Any CPU
		{6222D769-0F81-490C-B8BD-B0E2D295D97A}.Release|x86.Build.0 = Release|Any CPU
		{438717C4-F16C-40F5-9537-90554700C6E7}.Debug|Any CPU.ActiveCfg = Debug|Any CPU
		{438717C4-F16C-40F5-9537-90554700C6E7}.Debug|Any CPU.Build.0 = Debug|Any CPU
		{438717C4-F16C-40F5-9537-90554700C6E7}.Debug|x64.ActiveCfg = Debug|Any CPU
		{438717C4-F16C-40F5-9537-90554700C6E7}.Debug|x64.Build.0 = Debug|Any CPU
		{438717C4-F16C-40F5-9537-90554700C6E7}.Debug|x86.ActiveCfg = Debug|Any CPU
		{438717C4-F16C-40F5-9537-90554700C6E7}.Debug|x86.Build.0 = Debug|Any CPU
		{438717C4-F16C-40F5-9537-90554700C6E7}.Release|Any CPU.ActiveCfg = Release|Any CPU
		{438717C4-F16C-40F5-9537-90554700C6E7}.Release|Any CPU.Build.0 = Release|Any CPU
		{438717C4-F16C-40F5-9537-90554700C6E7}.Release|x64.ActiveCfg = Release|Any CPU
		{438717C4-F16C-40F5-9537-90554700C6E7}.Release|x64.Build.0 = Release|Any CPU
		{438717C4-F16C-40F5-9537-90554700C6E7}.Release|x86.ActiveCfg = Release|Any CPU
		{438717C4-F16C-40F5-9537-90554700C6E7}.Release|x86.Build.0 = Release|Any CPU
		{0E47FC0B-FD9B-4F8F-887C-953062CDACBA}.Debug|Any CPU.ActiveCfg = Debug|Any CPU
		{0E47FC0B-FD9B-4F8F-887C-953062CDACBA}.Debug|Any CPU.Build.0 = Debug|Any CPU
		{0E47FC0B-FD9B-4F8F-887C-953062CDACBA}.Debug|x64.ActiveCfg = Debug|Any CPU
		{0E47FC0B-FD9B-4F8F-887C-953062CDACBA}.Debug|x64.Build.0 = Debug|Any CPU
		{0E47FC0B-FD9B-4F8F-887C-953062CDACBA}.Debug|x86.ActiveCfg = Debug|Any CPU
		{0E47FC0B-FD9B-4F8F-887C-953062CDACBA}.Debug|x86.Build.0 = Debug|Any CPU
		{0E47FC0B-FD9B-4F8F-887C-953062CDACBA}.Release|Any CPU.ActiveCfg = Release|Any CPU
		{0E47FC0B-FD9B-4F8F-887C-953062CDACBA}.Release|Any CPU.Build.0 = Release|Any CPU
		{0E47FC0B-FD9B-4F8F-887C-953062CDACBA}.Release|x64.ActiveCfg = Release|Any CPU
		{0E47FC0B-FD9B-4F8F-887C-953062CDACBA}.Release|x64.Build.0 = Release|Any CPU
		{0E47FC0B-FD9B-4F8F-887C-953062CDACBA}.Release|x86.ActiveCfg = Release|Any CPU
		{0E47FC0B-FD9B-4F8F-887C-953062CDACBA}.Release|x86.Build.0 = Release|Any CPU
		{D0634971-C783-4D5C-AABC-11D9A73793D1}.Debug|Any CPU.ActiveCfg = Debug|Any CPU
		{D0634971-C783-4D5C-AABC-11D9A73793D1}.Debug|Any CPU.Build.0 = Debug|Any CPU
		{D0634971-C783-4D5C-AABC-11D9A73793D1}.Debug|x64.ActiveCfg = Debug|Any CPU
		{D0634971-C783-4D5C-AABC-11D9A73793D1}.Debug|x64.Build.0 = Debug|Any CPU
		{D0634971-C783-4D5C-AABC-11D9A73793D1}.Debug|x86.ActiveCfg = Debug|Any CPU
		{D0634971-C783-4D5C-AABC-11D9A73793D1}.Debug|x86.Build.0 = Debug|Any CPU
		{D0634971-C783-4D5C-AABC-11D9A73793D1}.Release|Any CPU.ActiveCfg = Release|Any CPU
		{D0634971-C783-4D5C-AABC-11D9A73793D1}.Release|Any CPU.Build.0 = Release|Any CPU
		{D0634971-C783-4D5C-AABC-11D9A73793D1}.Release|x64.ActiveCfg = Release|Any CPU
		{D0634971-C783-4D5C-AABC-11D9A73793D1}.Release|x64.Build.0 = Release|Any CPU
		{D0634971-C783-4D5C-AABC-11D9A73793D1}.Release|x86.ActiveCfg = Release|Any CPU
		{D0634971-C783-4D5C-AABC-11D9A73793D1}.Release|x86.Build.0 = Release|Any CPU
		{DF694C59-5AED-4CEE-AD22-DCC4A0F2F2FF}.Debug|Any CPU.ActiveCfg = Debug|Any CPU
		{DF694C59-5AED-4CEE-AD22-DCC4A0F2F2FF}.Debug|Any CPU.Build.0 = Debug|Any CPU
		{DF694C59-5AED-4CEE-AD22-DCC4A0F2F2FF}.Debug|x64.ActiveCfg = Debug|Any CPU
		{DF694C59-5AED-4CEE-AD22-DCC4A0F2F2FF}.Debug|x64.Build.0 = Debug|Any CPU
		{DF694C59-5AED-4CEE-AD22-DCC4A0F2F2FF}.Debug|x86.ActiveCfg = Debug|Any CPU
		{DF694C59-5AED-4CEE-AD22-DCC4A0F2F2FF}.Debug|x86.Build.0 = Debug|Any CPU
		{DF694C59-5AED-4CEE-AD22-DCC4A0F2F2FF}.Release|Any CPU.ActiveCfg = Release|Any CPU
		{DF694C59-5AED-4CEE-AD22-DCC4A0F2F2FF}.Release|Any CPU.Build.0 = Release|Any CPU
		{DF694C59-5AED-4CEE-AD22-DCC4A0F2F2FF}.Release|x64.ActiveCfg = Release|Any CPU
		{DF694C59-5AED-4CEE-AD22-DCC4A0F2F2FF}.Release|x64.Build.0 = Release|Any CPU
		{DF694C59-5AED-4CEE-AD22-DCC4A0F2F2FF}.Release|x86.ActiveCfg = Release|Any CPU
		{DF694C59-5AED-4CEE-AD22-DCC4A0F2F2FF}.Release|x86.Build.0 = Release|Any CPU
		{251E78C3-288E-4959-AA70-B9B5944B2211}.Debug|Any CPU.ActiveCfg = Debug|Any CPU
		{251E78C3-288E-4959-AA70-B9B5944B2211}.Debug|Any CPU.Build.0 = Debug|Any CPU
		{251E78C3-288E-4959-AA70-B9B5944B2211}.Debug|x64.ActiveCfg = Debug|Any CPU
		{251E78C3-288E-4959-AA70-B9B5944B2211}.Debug|x64.Build.0 = Debug|Any CPU
		{251E78C3-288E-4959-AA70-B9B5944B2211}.Debug|x86.ActiveCfg = Debug|Any CPU
		{251E78C3-288E-4959-AA70-B9B5944B2211}.Debug|x86.Build.0 = Debug|Any CPU
		{251E78C3-288E-4959-AA70-B9B5944B2211}.Release|Any CPU.ActiveCfg = Release|Any CPU
		{251E78C3-288E-4959-AA70-B9B5944B2211}.Release|Any CPU.Build.0 = Release|Any CPU
		{251E78C3-288E-4959-AA70-B9B5944B2211}.Release|x64.ActiveCfg = Release|Any CPU
		{251E78C3-288E-4959-AA70-B9B5944B2211}.Release|x64.Build.0 = Release|Any CPU
		{251E78C3-288E-4959-AA70-B9B5944B2211}.Release|x86.ActiveCfg = Release|Any CPU
		{251E78C3-288E-4959-AA70-B9B5944B2211}.Release|x86.Build.0 = Release|Any CPU
		{B1A15F0A-1B78-440C-B5D7-C106A199529E}.Debug|Any CPU.ActiveCfg = Debug|Any CPU
		{B1A15F0A-1B78-440C-B5D7-C106A199529E}.Debug|Any CPU.Build.0 = Debug|Any CPU
		{B1A15F0A-1B78-440C-B5D7-C106A199529E}.Debug|x64.ActiveCfg = Debug|Any CPU
		{B1A15F0A-1B78-440C-B5D7-C106A199529E}.Debug|x64.Build.0 = Debug|Any CPU
		{B1A15F0A-1B78-440C-B5D7-C106A199529E}.Debug|x86.ActiveCfg = Debug|Any CPU
		{B1A15F0A-1B78-440C-B5D7-C106A199529E}.Debug|x86.Build.0 = Debug|Any CPU
		{B1A15F0A-1B78-440C-B5D7-C106A199529E}.Release|Any CPU.ActiveCfg = Release|Any CPU
		{B1A15F0A-1B78-440C-B5D7-C106A199529E}.Release|Any CPU.Build.0 = Release|Any CPU
		{B1A15F0A-1B78-440C-B5D7-C106A199529E}.Release|x64.ActiveCfg = Release|Any CPU
		{B1A15F0A-1B78-440C-B5D7-C106A199529E}.Release|x64.Build.0 = Release|Any CPU
		{B1A15F0A-1B78-440C-B5D7-C106A199529E}.Release|x86.ActiveCfg = Release|Any CPU
		{B1A15F0A-1B78-440C-B5D7-C106A199529E}.Release|x86.Build.0 = Release|Any CPU
		{67EAFE46-6D20-4B24-AF73-67489DC903E5}.Debug|Any CPU.ActiveCfg = Debug|Any CPU
		{67EAFE46-6D20-4B24-AF73-67489DC903E5}.Debug|Any CPU.Build.0 = Debug|Any CPU
		{67EAFE46-6D20-4B24-AF73-67489DC903E5}.Debug|x64.ActiveCfg = Debug|Any CPU
		{67EAFE46-6D20-4B24-AF73-67489DC903E5}.Debug|x64.Build.0 = Debug|Any CPU
		{67EAFE46-6D20-4B24-AF73-67489DC903E5}.Debug|x86.ActiveCfg = Debug|Any CPU
		{67EAFE46-6D20-4B24-AF73-67489DC903E5}.Debug|x86.Build.0 = Debug|Any CPU
		{67EAFE46-6D20-4B24-AF73-67489DC903E5}.Release|Any CPU.ActiveCfg = Release|Any CPU
		{67EAFE46-6D20-4B24-AF73-67489DC903E5}.Release|Any CPU.Build.0 = Release|Any CPU
		{67EAFE46-6D20-4B24-AF73-67489DC903E5}.Release|x64.ActiveCfg = Release|Any CPU
		{67EAFE46-6D20-4B24-AF73-67489DC903E5}.Release|x64.Build.0 = Release|Any CPU
		{67EAFE46-6D20-4B24-AF73-67489DC903E5}.Release|x86.ActiveCfg = Release|Any CPU
		{67EAFE46-6D20-4B24-AF73-67489DC903E5}.Release|x86.Build.0 = Release|Any CPU
		{AD618F85-F8F5-454B-9CA0-ABF936492065}.Debug|Any CPU.ActiveCfg = Debug|Any CPU
		{AD618F85-F8F5-454B-9CA0-ABF936492065}.Debug|Any CPU.Build.0 = Debug|Any CPU
		{AD618F85-F8F5-454B-9CA0-ABF936492065}.Debug|x64.ActiveCfg = Debug|Any CPU
		{AD618F85-F8F5-454B-9CA0-ABF936492065}.Debug|x64.Build.0 = Debug|Any CPU
		{AD618F85-F8F5-454B-9CA0-ABF936492065}.Debug|x86.ActiveCfg = Debug|Any CPU
		{AD618F85-F8F5-454B-9CA0-ABF936492065}.Debug|x86.Build.0 = Debug|Any CPU
		{AD618F85-F8F5-454B-9CA0-ABF936492065}.Release|Any CPU.ActiveCfg = Release|Any CPU
		{AD618F85-F8F5-454B-9CA0-ABF936492065}.Release|Any CPU.Build.0 = Release|Any CPU
		{AD618F85-F8F5-454B-9CA0-ABF936492065}.Release|x64.ActiveCfg = Release|Any CPU
		{AD618F85-F8F5-454B-9CA0-ABF936492065}.Release|x64.Build.0 = Release|Any CPU
		{AD618F85-F8F5-454B-9CA0-ABF936492065}.Release|x86.ActiveCfg = Release|Any CPU
		{AD618F85-F8F5-454B-9CA0-ABF936492065}.Release|x86.Build.0 = Release|Any CPU
		{4008E1B8-AC7D-4CC8-AB74-8576493C4FDD}.Debug|Any CPU.ActiveCfg = Debug|Any CPU
		{4008E1B8-AC7D-4CC8-AB74-8576493C4FDD}.Debug|Any CPU.Build.0 = Debug|Any CPU
		{4008E1B8-AC7D-4CC8-AB74-8576493C4FDD}.Debug|x64.ActiveCfg = Debug|Any CPU
		{4008E1B8-AC7D-4CC8-AB74-8576493C4FDD}.Debug|x64.Build.0 = Debug|Any CPU
		{4008E1B8-AC7D-4CC8-AB74-8576493C4FDD}.Debug|x86.ActiveCfg = Debug|Any CPU
		{4008E1B8-AC7D-4CC8-AB74-8576493C4FDD}.Debug|x86.Build.0 = Debug|Any CPU
		{4008E1B8-AC7D-4CC8-AB74-8576493C4FDD}.Release|Any CPU.ActiveCfg = Release|Any CPU
		{4008E1B8-AC7D-4CC8-AB74-8576493C4FDD}.Release|Any CPU.Build.0 = Release|Any CPU
		{4008E1B8-AC7D-4CC8-AB74-8576493C4FDD}.Release|x64.ActiveCfg = Release|Any CPU
		{4008E1B8-AC7D-4CC8-AB74-8576493C4FDD}.Release|x64.Build.0 = Release|Any CPU
		{4008E1B8-AC7D-4CC8-AB74-8576493C4FDD}.Release|x86.ActiveCfg = Release|Any CPU
		{4008E1B8-AC7D-4CC8-AB74-8576493C4FDD}.Release|x86.Build.0 = Release|Any CPU
		{DE84D292-F45E-4807-893F-294AE0BBCD06}.Debug|Any CPU.ActiveCfg = Debug|Any CPU
		{DE84D292-F45E-4807-893F-294AE0BBCD06}.Debug|Any CPU.Build.0 = Debug|Any CPU
		{DE84D292-F45E-4807-893F-294AE0BBCD06}.Debug|x64.ActiveCfg = Debug|Any CPU
		{DE84D292-F45E-4807-893F-294AE0BBCD06}.Debug|x64.Build.0 = Debug|Any CPU
		{DE84D292-F45E-4807-893F-294AE0BBCD06}.Debug|x86.ActiveCfg = Debug|Any CPU
		{DE84D292-F45E-4807-893F-294AE0BBCD06}.Debug|x86.Build.0 = Debug|Any CPU
		{DE84D292-F45E-4807-893F-294AE0BBCD06}.Release|Any CPU.ActiveCfg = Release|Any CPU
		{DE84D292-F45E-4807-893F-294AE0BBCD06}.Release|Any CPU.Build.0 = Release|Any CPU
		{DE84D292-F45E-4807-893F-294AE0BBCD06}.Release|x64.ActiveCfg = Release|Any CPU
		{DE84D292-F45E-4807-893F-294AE0BBCD06}.Release|x64.Build.0 = Release|Any CPU
		{DE84D292-F45E-4807-893F-294AE0BBCD06}.Release|x86.ActiveCfg = Release|Any CPU
		{DE84D292-F45E-4807-893F-294AE0BBCD06}.Release|x86.Build.0 = Release|Any CPU
		{D215B861-1A51-436A-82EB-FCF7AF892748}.Debug|Any CPU.ActiveCfg = Debug|Any CPU
		{D215B861-1A51-436A-82EB-FCF7AF892748}.Debug|Any CPU.Build.0 = Debug|Any CPU
		{D215B861-1A51-436A-82EB-FCF7AF892748}.Debug|x64.ActiveCfg = Debug|Any CPU
		{D215B861-1A51-436A-82EB-FCF7AF892748}.Debug|x64.Build.0 = Debug|Any CPU
		{D215B861-1A51-436A-82EB-FCF7AF892748}.Debug|x86.ActiveCfg = Debug|Any CPU
		{D215B861-1A51-436A-82EB-FCF7AF892748}.Debug|x86.Build.0 = Debug|Any CPU
		{D215B861-1A51-436A-82EB-FCF7AF892748}.Release|Any CPU.ActiveCfg = Release|Any CPU
		{D215B861-1A51-436A-82EB-FCF7AF892748}.Release|Any CPU.Build.0 = Release|Any CPU
		{D215B861-1A51-436A-82EB-FCF7AF892748}.Release|x64.ActiveCfg = Release|Any CPU
		{D215B861-1A51-436A-82EB-FCF7AF892748}.Release|x64.Build.0 = Release|Any CPU
		{D215B861-1A51-436A-82EB-FCF7AF892748}.Release|x86.ActiveCfg = Release|Any CPU
		{D215B861-1A51-436A-82EB-FCF7AF892748}.Release|x86.Build.0 = Release|Any CPU
		{2DA15D43-DF53-49A5-AFA7-00E906CE7D39}.Debug|Any CPU.ActiveCfg = Debug|Any CPU
		{2DA15D43-DF53-49A5-AFA7-00E906CE7D39}.Debug|Any CPU.Build.0 = Debug|Any CPU
		{2DA15D43-DF53-49A5-AFA7-00E906CE7D39}.Debug|x64.ActiveCfg = Debug|Any CPU
		{2DA15D43-DF53-49A5-AFA7-00E906CE7D39}.Debug|x64.Build.0 = Debug|Any CPU
		{2DA15D43-DF53-49A5-AFA7-00E906CE7D39}.Debug|x86.ActiveCfg = Debug|Any CPU
		{2DA15D43-DF53-49A5-AFA7-00E906CE7D39}.Debug|x86.Build.0 = Debug|Any CPU
		{2DA15D43-DF53-49A5-AFA7-00E906CE7D39}.Release|Any CPU.ActiveCfg = Release|Any CPU
		{2DA15D43-DF53-49A5-AFA7-00E906CE7D39}.Release|Any CPU.Build.0 = Release|Any CPU
		{2DA15D43-DF53-49A5-AFA7-00E906CE7D39}.Release|x64.ActiveCfg = Release|Any CPU
		{2DA15D43-DF53-49A5-AFA7-00E906CE7D39}.Release|x64.Build.0 = Release|Any CPU
		{2DA15D43-DF53-49A5-AFA7-00E906CE7D39}.Release|x86.ActiveCfg = Release|Any CPU
		{2DA15D43-DF53-49A5-AFA7-00E906CE7D39}.Release|x86.Build.0 = Release|Any CPU
		{17F42864-8233-4B08-86C5-5E49DA35C2C2}.Debug|Any CPU.ActiveCfg = Debug|Any CPU
		{17F42864-8233-4B08-86C5-5E49DA35C2C2}.Debug|Any CPU.Build.0 = Debug|Any CPU
		{17F42864-8233-4B08-86C5-5E49DA35C2C2}.Debug|x64.ActiveCfg = Debug|Any CPU
		{17F42864-8233-4B08-86C5-5E49DA35C2C2}.Debug|x64.Build.0 = Debug|Any CPU
		{17F42864-8233-4B08-86C5-5E49DA35C2C2}.Debug|x86.ActiveCfg = Debug|Any CPU
		{17F42864-8233-4B08-86C5-5E49DA35C2C2}.Debug|x86.Build.0 = Debug|Any CPU
		{17F42864-8233-4B08-86C5-5E49DA35C2C2}.Release|Any CPU.ActiveCfg = Release|Any CPU
		{17F42864-8233-4B08-86C5-5E49DA35C2C2}.Release|Any CPU.Build.0 = Release|Any CPU
		{17F42864-8233-4B08-86C5-5E49DA35C2C2}.Release|x64.ActiveCfg = Release|Any CPU
		{17F42864-8233-4B08-86C5-5E49DA35C2C2}.Release|x64.Build.0 = Release|Any CPU
		{17F42864-8233-4B08-86C5-5E49DA35C2C2}.Release|x86.ActiveCfg = Release|Any CPU
		{17F42864-8233-4B08-86C5-5E49DA35C2C2}.Release|x86.Build.0 = Release|Any CPU
	EndGlobalSection
	GlobalSection(NestedProjects) = preSolution
		{BF7F9B0B-CB43-4161-BFAD-C6EE479FC86B} = {386AE10F-B7AC-4C97-AC5C-202D3662A868}
		{4F64F773-1A9A-4465-A953-900320EA86CF} = {386AE10F-B7AC-4C97-AC5C-202D3662A868}
		{1E2EF862-C6E1-4614-B02E-B222B5D79FFB} = {386AE10F-B7AC-4C97-AC5C-202D3662A868}
		{80F262F9-AC71-471A-A308-762BC755D69D} = {386AE10F-B7AC-4C97-AC5C-202D3662A868}
		{F74B3242-94DE-4C5E-803F-CDC7090120AF} = {386AE10F-B7AC-4C97-AC5C-202D3662A868}
		{4D008B2E-6056-4580-B8F0-512502A2D288} = {386AE10F-B7AC-4C97-AC5C-202D3662A868}
		{EDECCC4E-9C4E-433D-AFFA-F23E062EC1BF} = {386AE10F-B7AC-4C97-AC5C-202D3662A868}
		{48A4AF23-C232-4498-9D25-B4620ECD9325} = {1F2E4087-585C-4B48-8E3D-700D949A15DB}
		{79FE88D9-9545-4AE8-80AF-8E2E2E55E8A3} = {1F2E4087-585C-4B48-8E3D-700D949A15DB}
		{27D42088-5F63-4886-A0B2-8B1B66F71BF6} = {79FE88D9-9545-4AE8-80AF-8E2E2E55E8A3}
		{1567FD28-14D5-4161-AB66-B099E78F6FFB} = {386AE10F-B7AC-4C97-AC5C-202D3662A868}
		{6D2A7966-FED3-4FD5-94DF-BBD6C5D04886} = {1F2E4087-585C-4B48-8E3D-700D949A15DB}
		{37F93CBF-43FE-428B-80D0-4D41FD0C01C7} = {386AE10F-B7AC-4C97-AC5C-202D3662A868}
		{E22AC3F0-0298-4784-9C91-76138FA3BD74} = {386AE10F-B7AC-4C97-AC5C-202D3662A868}
		{0488271F-63F9-41BD-A38B-0FD0D7616BE3} = {386AE10F-B7AC-4C97-AC5C-202D3662A868}
		{8678914B-C262-4EFB-BCC0-96A15D969C2B} = {386AE10F-B7AC-4C97-AC5C-202D3662A868}
		{46D66262-FC61-43B9-8E76-A361FA3D6C81} = {8BC11A63-D52B-40CB-9DDD-CD7C6DC21059}
		{53101A81-CB4A-4589-AEB1-0E229D17AE7A} = {46D66262-FC61-43B9-8E76-A361FA3D6C81}
		{B4C179CA-89E5-4638-BAEC-8E37B5BBED12} = {386AE10F-B7AC-4C97-AC5C-202D3662A868}
		{8E6A242B-B0E6-4DA2-ABA3-6389D65AED5E} = {46D66262-FC61-43B9-8E76-A361FA3D6C81}
		{76DD0496-67BC-4B86-BBE1-5648CAF0C719} = {46D66262-FC61-43B9-8E76-A361FA3D6C81}
		{7A71B07F-B28B-4DDA-B1EA-565194056951} = {1F2E4087-585C-4B48-8E3D-700D949A15DB}
		{46E769E2-FEC7-43EA-99B8-E7A7294D68B2} = {7A71B07F-B28B-4DDA-B1EA-565194056951}
		{C2432595-F82E-4DF1-96FA-BD6B4D470010} = {386AE10F-B7AC-4C97-AC5C-202D3662A868}
		{F450E603-4DCA-473A-A9D6-EAD96421F338} = {79FE88D9-9545-4AE8-80AF-8E2E2E55E8A3}
		{2BB1527F-D7A1-44BA-A297-4E69A3A4411C} = {7A71B07F-B28B-4DDA-B1EA-565194056951}
		{F86D983A-9881-4BE7-AF92-FA0CE41FB319} = {46D66262-FC61-43B9-8E76-A361FA3D6C81}
		{59E6AF5C-5F8A-4735-9F95-6457CC17C075} = {79FE88D9-9545-4AE8-80AF-8E2E2E55E8A3}
		{35D35175-A160-4557-BE3E-9BCB296C61A1} = {79FE88D9-9545-4AE8-80AF-8E2E2E55E8A3}
		{F1A41389-B4AD-4D0F-8C44-918BF3A6A57F} = {79FE88D9-9545-4AE8-80AF-8E2E2E55E8A3}
		{2510B0C1-793D-4EA7-A296-F54F881C94C8} = {79FE88D9-9545-4AE8-80AF-8E2E2E55E8A3}
		{61016ABA-608B-47FA-9FBD-CA17D24BAB89} = {46D66262-FC61-43B9-8E76-A361FA3D6C81}
		{1EA4392E-960D-4327-9426-4C6220A7B60D} = {7A05C10C-8797-4D29-A97A-F399316BE893}
		{0D9C5C7E-F81B-4E0E-B203-22D558E6D7F1} = {B670D679-3B2C-43E8-9F87-5E4E17628011}
		{C48DB577-12BB-4AA8-8734-802A39C093BE} = {B670D679-3B2C-43E8-9F87-5E4E17628011}
		{A2ECECDD-9986-450D-A0AC-D2BE32A0B23E} = {B670D679-3B2C-43E8-9F87-5E4E17628011}
		{E457B1F7-B32E-48DF-806E-7CE3A398722C} = {A2ECECDD-9986-450D-A0AC-D2BE32A0B23E}
		{46445B9D-7FBC-46E5-B781-B743237627BE} = {A2ECECDD-9986-450D-A0AC-D2BE32A0B23E}
		{5D5D80C1-4D21-4619-8B59-7B7750016E9D} = {8BC11A63-D52B-40CB-9DDD-CD7C6DC21059}
		{B296273E-1932-4B43-88E5-1F3E9D9D773A} = {5D5D80C1-4D21-4619-8B59-7B7750016E9D}
		{C73005BB-D2DB-41B8-9DAA-1ADD81123A03} = {7A05C10C-8797-4D29-A97A-F399316BE893}
		{6222D769-0F81-490C-B8BD-B0E2D295D97A} = {7A05C10C-8797-4D29-A97A-F399316BE893}
		{0E47FC0B-FD9B-4F8F-887C-953062CDACBA} = {386AE10F-B7AC-4C97-AC5C-202D3662A868}
		{D0634971-C783-4D5C-AABC-11D9A73793D1} = {386AE10F-B7AC-4C97-AC5C-202D3662A868}
		{DF694C59-5AED-4CEE-AD22-DCC4A0F2F2FF} = {386AE10F-B7AC-4C97-AC5C-202D3662A868}
		{251E78C3-288E-4959-AA70-B9B5944B2211} = {386AE10F-B7AC-4C97-AC5C-202D3662A868}
		{B1A15F0A-1B78-440C-B5D7-C106A199529E} = {386AE10F-B7AC-4C97-AC5C-202D3662A868}
		{67EAFE46-6D20-4B24-AF73-67489DC903E5} = {386AE10F-B7AC-4C97-AC5C-202D3662A868}
		{7B70E5ED-C5E7-4F32-A458-E5A10F39DA00} = {1F2E4087-585C-4B48-8E3D-700D949A15DB}
		{AD618F85-F8F5-454B-9CA0-ABF936492065} = {7B70E5ED-C5E7-4F32-A458-E5A10F39DA00}
		{4008E1B8-AC7D-4CC8-AB74-8576493C4FDD} = {7B70E5ED-C5E7-4F32-A458-E5A10F39DA00}
		{DE84D292-F45E-4807-893F-294AE0BBCD06} = {46D66262-FC61-43B9-8E76-A361FA3D6C81}
		{D215B861-1A51-436A-82EB-FCF7AF892748} = {7B70E5ED-C5E7-4F32-A458-E5A10F39DA00}
		{2DA15D43-DF53-49A5-AFA7-00E906CE7D39} = {82ACABCF-0CE8-40ED-9402-8499407E846F}
		{17F42864-8233-4B08-86C5-5E49DA35C2C2} = {7B70E5ED-C5E7-4F32-A458-E5A10F39DA00}
	EndGlobalSection
EndGlobal
